
Microsoft Visual Studio Solution File, Format Version 12.00
# Visual Studio Version 17
VisualStudioVersion = 17.0.31903.59
MinimumVisualStudioVersion = 10.0.40219.1
Project("{2150E333-8FDC-42A3-9474-1A3956D46DE8}") = ".github", ".github", "{2A3B4C5D-6E7F-8901-2345-678901234567}"
	ProjectSection(SolutionItems) = preProject
		.github\copilot-instructions.md = .github\copilot-instructions.md
		.github\ReadMe.md = .github\ReadMe.md
	EndProjectSection
EndProject
Project("{2150E333-8FDC-42A3-9474-1A3956D46DE8}") = "chatmodes", "chatmodes", "{3B4C5D6E-7F80-9012-3456-789012345678}"
	ProjectSection(SolutionItems) = preProject
		.github\chatmodes\Architect.chatmode.md = .github\chatmodes\Architect.chatmode.md
	EndProjectSection
EndProject
Project("{2150E333-8FDC-42A3-9474-1A3956D46DE8}") = "instructions", "instructions", "{4C5D6E7F-8091-2345-6789-012345678901}"
	ProjectSection(SolutionItems) = preProject
		.github\instructions\angular.instructions.md = .github\instructions\angular.instructions.md
		.github\instructions\csharp.instructions.md = .github\instructions\csharp.instructions.md
		.github\instructions\database.instructions.md = .github\instructions\database.instructions.md
		.github\instructions\playwright.instructions.md = .github\instructions\playwright.instructions.md
		.github\instructions\testing.instructions.md = .github\instructions\testing.instructions.md
	EndProjectSection
EndProject
Project("{2150E333-8FDC-42A3-9474-1A3956D46DE8}") = "ISSUE-TEMPLATE", "ISSUE-TEMPLATE", "{5D6E7F80-9123-4567-8901-234567890123}"
	ProjectSection(SolutionItems) = preProject
		.github\ISSUE-TEMPLATE\radar-change-proposal.md = .github\ISSUE-TEMPLATE\radar-change-proposal.md
	EndProjectSection
EndProject
Project("{2150E333-8FDC-42A3-9474-1A3956D46DE8}") = "workflows", "workflows", "{6E7F8091-2345-6789-0123-456789012345}"
	ProjectSection(SolutionItems) = preProject
		.github\workflows\publish.yml = .github\workflows\publish.yml
		.github\workflows\update-adr-index,yml = .github\workflows\update-adr-index,yml
		.github\workflows\update_changelog.yml = .github\workflows\update_changelog.yml
		.github\workflows\verify-copilot-instructions.yml = .github\workflows\verify-copilot-instructions.yml
	EndProjectSection
EndProject
Project("{2150E333-8FDC-42A3-9474-1A3956D46DE8}") = ".best-practices", ".best-practices", "{7F809123-4567-8901-2345-67890123456A}"
	ProjectSection(SolutionItems) = preProject
		.best-practices\radar.md = .best-practices\radar.md
	EndProjectSection
EndProject
Project("{2150E333-8FDC-42A3-9474-1A3956D46DE8}") = "cloud-architecture", "cloud-architecture", "{80912345-6789-0123-4567-890123456789}"
	ProjectSection(SolutionItems) = preProject
		.best-practices\cloud-architecture\ReadMe.md = .best-practices\cloud-architecture\ReadMe.md
	EndProjectSection
EndProject
Project("{2150E333-8FDC-42A3-9474-1A3956D46DE8}") = "data-analytics", "data-analytics", "{91234567-8901-2345-6789-01234567890A}"
	ProjectSection(SolutionItems) = preProject
		.best-practices\data-analytics\ReadMe.md = .best-practices\data-analytics\ReadMe.md
	EndProjectSection
EndProject
Project("{2150E333-8FDC-42A3-9474-1A3956D46DE8}") = "devops", "devops", "{A2345678-9012-3456-7890-123456789012}"
	ProjectSection(SolutionItems) = preProject
		.best-practices\devops\ReadMe.md = .best-practices\devops\ReadMe.md
	EndProjectSection
EndProject
Project("{2150E333-8FDC-42A3-9474-1A3956D46DE8}") = "integration", "integration", "{B3456789-0123-4567-8901-23456789012A}"
	ProjectSection(SolutionItems) = preProject
		.best-practices\integration\ReadMe.md = .best-practices\integration\ReadMe.md
	EndProjectSection
EndProject
Project("{2150E333-8FDC-42A3-9474-1A3956D46DE8}") = "observability", "observability", "{C4567890-1234-5678-9012-3456789012AB}"
	ProjectSection(SolutionItems) = preProject
		.best-practices\observability\ReadMe.md = .best-practices\observability\ReadMe.md
	EndProjectSection
EndProject
Project("{2150E333-8FDC-42A3-9474-1A3956D46DE8}") = "security", "security", "{D5678901-2345-6789-0123-456789012ABC}"
	ProjectSection(SolutionItems) = preProject
		.best-practices\security\ReadMe.md = .best-practices\security\ReadMe.md
	EndProjectSection
EndProject
Project("{2150E333-8FDC-42A3-9474-1A3956D46DE8}") = "software-architecture", "software-architecture", "{E6789012-3456-7890-1234-56789012ABCD}"
	ProjectSection(SolutionItems) = preProject
		.best-practices\software-architecture\ReadMe.md = .best-practices\software-architecture\ReadMe.md
	EndProjectSection
EndProject
Project("{2150E333-8FDC-42A3-9474-1A3956D46DE8}") = "templates", "templates", "{F7890123-4567-8901-2345-6789012ABCDE}"
	ProjectSection(SolutionItems) = preProject
		.best-practices\templates\ReadMe.md = .best-practices\templates\ReadMe.md
	EndProjectSection
EndProject
Project("{2150E333-8FDC-42A3-9474-1A3956D46DE8}") = ".copilot", ".copilot", "{08901234-5678-9012-3456-789012ABCDEF}"
	ProjectSection(SolutionItems) = preProject
		.copilot\design-patterns.md = .copilot\design-patterns.md
		.copilot\repo-standards.md = .copilot\repo-standards.md
	EndProjectSection
EndProject
Project("{2150E333-8FDC-42A3-9474-1A3956D46DE8}") = ".nuget", ".nuget", "{19012345-6789-0123-4567-89012ABCDEF0}"
EndProject
Project("{2150E333-8FDC-42A3-9474-1A3956D46DE8}") = "NuGet", "NuGet", "{2A123456-7890-1234-5678-9012ABCDEF01}"
	ProjectSection(SolutionItems) = preProject
		.nuget\NuGet\NuGet.config = .nuget\NuGet\NuGet.config
	EndProjectSection
EndProject
Project("{2150E333-8FDC-42A3-9474-1A3956D46DE8}") = "src", "src", "{827E0CD3-B72D-47B6-A68D-7590B98EB39B}"
EndProject
Project("{2150E333-8FDC-42A3-9474-1A3956D46DE8}") = "tests", "tests", "{0AB3BF05-4346-4AA6-1389-037BE0695223}"
EndProject
Project("{2150E333-8FDC-42A3-9474-1A3956D46DE8}") = "docs", "docs", "{F1B2C3D4-E5F6-7890-ABCD-123456789012}"
	ProjectSection(SolutionItems) = preProject
		docs\readme.md = docs\readme.md
	EndProjectSection
EndProject
Project("{2150E333-8FDC-42A3-9474-1A3956D46DE8}") = "algorithms", "algorithms", "{A1B2C3D4-E5F6-7890-ABCD-123456789013}"
	ProjectSection(SolutionItems) = preProject
		docs\algorithms\README.md = docs\algorithms\README.md
		docs\algorithms\data-structures.md = docs\algorithms\data-structures.md
		docs\algorithms\dynamic-programming.md = docs\algorithms\dynamic-programming.md
		docs\algorithms\graph-algorithms.md = docs\algorithms\graph-algorithms.md
		docs\algorithms\searching-algorithms.md = docs\algorithms\searching-algorithms.md
		docs\algorithms\sorting-algorithms.md = docs\algorithms\sorting-algorithms.md
		docs\algorithms\string-algorithms.md = docs\algorithms\string-algorithms.md
	EndProjectSection
EndProject
Project("{2150E333-8FDC-42A3-9474-1A3956D46DE8}") = "aspire", "aspire", "{C3D4E5F6-G7H8-I901-JKLM-345678901234}"
	ProjectSection(SolutionItems) = preProject
		docs\aspire\README.md = docs\aspire\README.md
		docs\aspire\configuration-management.md = docs\aspire\configuration-management.md
		docs\aspire\deployment-strategies.md = docs\aspire\deployment-strategies.md
		docs\aspire\document-pipeline-architecture.md = docs\aspire\document-pipeline-architecture.md
		docs\aspire\health-monitoring.md = docs\aspire\health-monitoring.md
		docs\aspire\local-development.md = docs\aspire\local-development.md
		docs\aspire\local-ml-development.md = docs\aspire\local-ml-development.md
		docs\aspire\ml-service-orchestration.md = docs\aspire\ml-service-orchestration.md
		docs\aspire\orleans-integration.md = docs\aspire\orleans-integration.md
		docs\aspire\production-deployment.md = docs\aspire\production-deployment.md
		docs\aspire\resource-dependencies.md = docs\aspire\resource-dependencies.md
		docs\aspire\scaling-strategies.md = docs\aspire\scaling-strategies.md
		docs\aspire\service-orchestration.md = docs\aspire\service-orchestration.md
	EndProjectSection
EndProject
Project("{2150E333-8FDC-42A3-9474-1A3956D46DE8}") = "bash", "bash", "{A1B2C3D4-E5F6-7890-ABCD-123456789014}"
	ProjectSection(SolutionItems) = preProject
		docs\bash\README.md = docs\bash\README.md
		docs\bash\file-operations.md = docs\bash\file-operations.md
		docs\bash\system-admin.md = docs\bash\system-admin.md
		docs\bash\text-processing.md = docs\bash\text-processing.md
	EndProjectSection
EndProject
Project("{2150E333-8FDC-42A3-9474-1A3956D46DE8}") = "cmd", "cmd", "{A1B2C3D4-E5F6-7890-ABCD-123456789015}"
	ProjectSection(SolutionItems) = preProject
		docs\cmd\README.md = docs\cmd\README.md
		docs\cmd\basic-commands.md = docs\cmd\basic-commands.md
		docs\cmd\batch-scripts.md = docs\cmd\batch-scripts.md
	EndProjectSection
EndProject
Project("{2150E333-8FDC-42A3-9474-1A3956D46DE8}") = "csharp", "csharp", "{A1B2C3D4-E5F6-7890-ABCD-123456789016}"
	ProjectSection(SolutionItems) = preProject
		docs\csharp\README.md = docs\csharp\README.md
		docs\csharp\actor-model.md = docs\csharp\actor-model.md
		docs\csharp\async-enumerable.md = docs\csharp\async-enumerable.md
		docs\csharp\async-lazy-loading.md = docs\csharp\async-lazy-loading.md
		docs\csharp\azure-managed-identity.md = docs\csharp\azure-managed-identity.md
		docs\csharp\cache-aside.md = docs\csharp\cache-aside.md
		docs\csharp\cache-invalidation.md = docs\csharp\cache-invalidation.md
		docs\csharp\cancellation-patterns.md = docs\csharp\cancellation-patterns.md
		docs\csharp\circuit-breaker.md = docs\csharp\circuit-breaker.md
		docs\csharp\concurrent-collections.md = docs\csharp\concurrent-collections.md
		docs\csharp\distributed-cache.md = docs\csharp\distributed-cache.md
		docs\csharp\event-sourcing.md = docs\csharp\event-sourcing.md
		docs\csharp\exception-handling.md = docs\csharp\exception-handling.md
		docs\csharp\functional-linq.md = docs\csharp\functional-linq.md
		docs\csharp\jwt-authentication.md = docs\csharp\jwt-authentication.md
		docs\csharp\linq-extensions.md = docs\csharp\linq-extensions.md
		docs\csharp\logging-patterns.md = docs\csharp\logging-patterns.md
		docs\csharp\memoization.md = docs\csharp\memoization.md
		docs\csharp\memory-pools.md = docs\csharp\memory-pools.md
		docs\csharp\message-queue.md = docs\csharp\message-queue.md
		docs\csharp\micro-optimizations.md = docs\csharp\micro-optimizations.md
		docs\csharp\oauth-integration.md = docs\csharp\oauth-integration.md
		docs\csharp\password-security.md = docs\csharp\password-security.md
		docs\csharp\performance-linq.md = docs\csharp\performance-linq.md
		docs\csharp\polly-patterns.md = docs\csharp\polly-patterns.md
		docs\csharp\producer-consumer.md = docs\csharp\producer-consumer.md
		docs\csharp\pub-sub.md = docs\csharp\pub-sub.md
		docs\csharp\query-optimization.md = docs\csharp\query-optimization.md
		docs\csharp\reader-writer-locks.md = docs\csharp\reader-writer-locks.md
		docs\csharp\retry-pattern.md = docs\csharp\retry-pattern.md
		docs\csharp\role-based-authorization.md = docs\csharp\role-based-authorization.md
		docs\csharp\saga-patterns.md = docs\csharp\saga-patterns.md
		docs\csharp\span-operations.md = docs\csharp\span-operations.md
		docs\csharp\string-truncate.md = docs\csharp\string-truncate.md
		docs\csharp\task-combinators.md = docs\csharp\task-combinators.md
		docs\csharp\vectorization.md = docs\csharp\vectorization.md
		docs\csharp\web-security.md = docs\csharp\web-security.md
	EndProjectSection
EndProject
Project("{2150E333-8FDC-42A3-9474-1A3956D46DE8}") = "database", "database", "{C1D2E3F4-G5H6-7890-IJKL-123456789012}"
	ProjectSection(SolutionItems) = preProject
		docs\database\README.md = docs\database\README.md
		docs\database\ml-database-examples.md = docs\database\ml-database-examples.md
		docs\database\ml-databases.md = docs\database\ml-databases.md
	EndProjectSection
EndProject
Project("{2150E333-8FDC-42A3-9474-1A3956D46DE8}") = "design-patterns", "design-patterns", "{A1B2C3D4-E5F6-7890-ABCD-123456789017}"
	ProjectSection(SolutionItems) = preProject
		docs\design-patterns\abstract-factory.md = docs\design-patterns\abstract-factory.md
		docs\design-patterns\adapter.md = docs\design-patterns\adapter.md
		docs\design-patterns\bridge.md = docs\design-patterns\bridge.md
		docs\design-patterns\builder.md = docs\design-patterns\builder.md
		docs\design-patterns\chain-of-responsibility.md = docs\design-patterns\chain-of-responsibility.md
		docs\design-patterns\command.md = docs\design-patterns\command.md
		docs\design-patterns\composite.md = docs\design-patterns\composite.md
		docs\design-patterns\decorator.md = docs\design-patterns\decorator.md
		docs\design-patterns\facade.md = docs\design-patterns\facade.md
		docs\design-patterns\factory-method.md = docs\design-patterns\factory-method.md
		docs\design-patterns\flyweight.md = docs\design-patterns\flyweight.md
		docs\design-patterns\interpreter.md = docs\design-patterns\interpreter.md
		docs\design-patterns\iterator.md = docs\design-patterns\iterator.md
		docs\design-patterns\mediator.md = docs\design-patterns\mediator.md
		docs\design-patterns\memento.md = docs\design-patterns\memento.md
		docs\design-patterns\observer.md = docs\design-patterns\observer.md
		docs\design-patterns\prototype.md = docs\design-patterns\prototype.md
		docs\design-patterns\proxy.md = docs\design-patterns\proxy.md
		docs\design-patterns\readme.md = docs\design-patterns\readme.md
		docs\design-patterns\singleton.md = docs\design-patterns\singleton.md
		docs\design-patterns\state.md = docs\design-patterns\state.md
		docs\design-patterns\strategy.md = docs\design-patterns\strategy.md
		docs\design-patterns\template-method.md = docs\design-patterns\template-method.md
		docs\design-patterns\visitor.md = docs\design-patterns\visitor.md
	EndProjectSection
EndProject
Project("{2150E333-8FDC-42A3-9474-1A3956D46DE8}") = "docker", "docker", "{A1B2C3D4-E5F6-7890-ABCD-123456789018}"
	ProjectSection(SolutionItems) = preProject
		docs\docker\README.md = docs\docker\README.md
		docs\docker\dockerfile-examples.md = docs\docker\dockerfile-examples.md
	EndProjectSection
EndProject
Project("{2150E333-8FDC-42A3-9474-1A3956D46DE8}") = "git", "git", "{A1B2C3D4-E5F6-7890-ABCD-123456789019}"
	ProjectSection(SolutionItems) = preProject
		docs\git\README.md = docs\git\README.md
		docs\git\common-commands.md = docs\git\common-commands.md
		docs\git\worktrees.md = docs\git\worktrees.md
		docs\git\advanced-techniques.md = docs\git\advanced-techniques.md
	EndProjectSection
EndProject
Project("{2150E333-8FDC-42A3-9474-1A3956D46DE8}") = "graphql", "graphql", "{D2E3F4G5-H6I7-8901-KLMN-234567890123}"
	ProjectSection(SolutionItems) = preProject
		docs\graphql\README.md = docs\graphql\README.md
		docs\graphql\authorization.md = docs\graphql\authorization.md
		docs\graphql\database-integration.md = docs\graphql\database-integration.md
		docs\graphql\dataloader-patterns.md = docs\graphql\dataloader-patterns.md
		docs\graphql\error-handling.md = docs\graphql\error-handling.md
		docs\graphql\mlnet-integration.md = docs\graphql\mlnet-integration.md
		docs\graphql\mutation-patterns.md = docs\graphql\mutation-patterns.md
		docs\graphql\orleans-integration.md = docs\graphql\orleans-integration.md
		docs\graphql\performance-optimization.md = docs\graphql\performance-optimization.md
		docs\graphql\query-patterns.md = docs\graphql\query-patterns.md
		docs\graphql\realtime-processing.md = docs\graphql\realtime-processing.md
		docs\graphql\schema-design.md = docs\graphql\schema-design.md
		docs\graphql\subscription-patterns.md = docs\graphql\subscription-patterns.md
	EndProjectSection
EndProject
Project("{2150E333-8FDC-42A3-9474-1A3956D46DE8}") = "javascript", "javascript", "{A1B2C3D4-E5F6-7890-ABCD-123456789020}"
	ProjectSection(SolutionItems) = preProject
		docs\javascript\README.md = docs\javascript\README.md
		docs\javascript\array-methods.md = docs\javascript\array-methods.md
	EndProjectSection
EndProject
Project("{2150E333-8FDC-42A3-9474-1A3956D46DE8}") = "integration", "integration", "{E3F4G5H6-I7J8-9012-MNOP-345678901234}"
	ProjectSection(SolutionItems) = preProject
		docs\integration\README.md = docs\integration\README.md
		docs\integration\audit-compliance.md = docs\integration\audit-compliance.md
		docs\integration\authentication-flow.md = docs\integration\authentication-flow.md
		docs\integration\authorization-patterns.md = docs\integration\authorization-patterns.md
		docs\integration\cicd-pipelines.md = docs\integration\cicd-pipelines.md
		docs\integration\container-orchestration.md = docs\integration\container-orchestration.md
		docs\integration\data-flow.md = docs\integration\data-flow.md
		docs\integration\data-governance.md = docs\integration\data-governance.md
		docs\integration\distributed-tracing.md = docs\integration\distributed-tracing.md
		docs\integration\end-to-end-workflow.md = docs\integration\end-to-end-workflow.md
		docs\integration\environment-management.md = docs\integration\environment-management.md
		docs\integration\error-handling.md = docs\integration\error-handling.md
		docs\integration\health-monitoring.md = docs\integration\health-monitoring.md
		docs\integration\logging-strategy.md = docs\integration\logging-strategy.md
		docs\integration\metrics-collection.md = docs\integration\metrics-collection.md
		docs\integration\scaling-strategies.md = docs\integration\scaling-strategies.md
		docs\integration\service-communication.md = docs\integration\service-communication.md
	EndProjectSection
EndProject
Project("{2150E333-8FDC-42A3-9474-1A3956D46DE8}") = "orleans", "orleans", "{B2C3D4E5-F6G7-H890-IJKL-234567890123}"
	ProjectSection(SolutionItems) = preProject
		docs\orleans\README.md = docs\orleans\README.md
		docs\orleans\grain-fundamentals.md = docs\orleans\grain-fundamentals.md
		docs\orleans\document-processing-grains.md = docs\orleans\document-processing-grains.md
		docs\orleans\state-management.md = docs\orleans\state-management.md
		docs\orleans\streaming-patterns.md = docs\orleans\streaming-patterns.md
		docs\orleans\grain-placement.md = docs\orleans\grain-placement.md
		docs\orleans\performance-optimization.md = docs\orleans\performance-optimization.md
		docs\orleans\error-handling.md = docs\orleans\error-handling.md
		docs\orleans\testing-strategies.md = docs\orleans\testing-strategies.md
		docs\orleans\database-integration.md = docs\orleans\database-integration.md
		docs\orleans\external-services.md = docs\orleans\external-services.md
		docs\orleans\monitoring-diagnostics.md = docs\orleans\monitoring-diagnostics.md
	EndProjectSection
EndProject
Project("{2150E333-8FDC-42A3-9474-1A3956D46DE8}") = "mlnet", "mlnet", "{F4G5H6I7-J8K9-0123-QRST-456789012345}"
	ProjectSection(SolutionItems) = preProject
		docs\mlnet\README.md = docs\mlnet\README.md
		docs\mlnet\batch-processing.md = docs\mlnet\batch-processing.md
		docs\mlnet\custom-model-training.md = docs\mlnet\custom-model-training.md
		docs\mlnet\feature-engineering.md = docs\mlnet\feature-engineering.md
		docs\mlnet\model-deployment.md = docs\mlnet\model-deployment.md
		docs\mlnet\model-evaluation.md = docs\mlnet\model-evaluation.md
		docs\mlnet\named-entity-recognition.md = docs\mlnet\named-entity-recognition.md
		docs\mlnet\orleans-integration.md = docs\mlnet\orleans-integration.md
		docs\mlnet\realtime-processing.md = docs\mlnet\realtime-processing.md
		docs\mlnet\sentiment-analysis.md = docs\mlnet\sentiment-analysis.md
		docs\mlnet\text-classification.md = docs\mlnet\text-classification.md
		docs\mlnet\topic-modeling.md = docs\mlnet\topic-modeling.md
	EndProjectSection
EndProject
Project("{2150E333-8FDC-42A3-9474-1A3956D46DE8}") = "notebooks", "notebooks", "{G5H6I7J8-K9L0-1234-UVWX-567890123456}"
	ProjectSection(SolutionItems) = preProject
		docs\notebooks\readme.md = docs\notebooks\readme.md
	EndProjectSection
EndProject
Project("{2150E333-8FDC-42A3-9474-1A3956D46DE8}") = "powershell", "powershell", "{A1B2C3D4-E5F6-7890-ABCD-123456789021}"
	ProjectSection(SolutionItems) = preProject
		docs\powershell\README.md = docs\powershell\README.md
		docs\powershell\active-directory.md = docs\powershell\active-directory.md
		docs\powershell\automation-scripts.md = docs\powershell\automation-scripts.md
		docs\powershell\file-operations.md = docs\powershell\file-operations.md
		docs\powershell\network-operations.md = docs\powershell\network-operations.md
		docs\powershell\powershell-basics.md = docs\powershell\powershell-basics.md
		docs\powershell\system-admin.md = docs\powershell\system-admin.md
	EndProjectSection
EndProject
Project("{2150E333-8FDC-42A3-9474-1A3956D46DE8}") = "python", "python", "{A1B2C3D4-E5F6-7890-ABCD-123456789022}"
	ProjectSection(SolutionItems) = preProject
		docs\python\README.md = docs\python\README.md
		docs\python\file-operations.md = docs\python\file-operations.md
	EndProjectSection
EndProject
Project("{2150E333-8FDC-42A3-9474-1A3956D46DE8}") = "sql", "sql", "{A1B2C3D4-E5F6-7890-ABCD-123456789023}"
	ProjectSection(SolutionItems) = preProject
		docs\sql\README.md = docs\sql\README.md
		docs\sql\common-queries.md = docs\sql\common-queries.md
	EndProjectSection
EndProject
Project("{2150E333-8FDC-42A3-9474-1A3956D46DE8}") = "utilities", "utilities", "{A1B2C3D4-E5F6-7890-ABCD-123456789024}"
	ProjectSection(SolutionItems) = preProject
		docs\utilities\README.md = docs\utilities\README.md
		docs\utilities\configuration-helpers.md = docs\utilities\configuration-helpers.md
		docs\utilities\general-utilities.md = docs\utilities\general-utilities.md
		docs\utilities\logging-utilities.md = docs\utilities\logging-utilities.md
	EndProjectSection
EndProject
Project("{2150E333-8FDC-42A3-9474-1A3956D46DE8}") = "web", "web", "{A1B2C3D4-E5F6-7890-ABCD-123456789025}"
	ProjectSection(SolutionItems) = preProject
		docs\web\README.md = docs\web\README.md
		docs\web\accessibility.md = docs\web\accessibility.md
		docs\web\css-layouts.md = docs\web\css-layouts.md
		docs\web\html-templates.md = docs\web\html-templates.md
	EndProjectSection
EndProject
Project("{FAE04EC0-301F-11D3-BF4B-00C04F79EFBC}") = "DesignPatterns.Creational", "src\DesignPatterns.Creational\DesignPatterns.Creational.csproj", "{3DADD3F0-45CA-49DE-83AF-E409E3E3770A}"
EndProject
Project("{FAE04EC0-301F-11D3-BF4B-00C04F79EFBC}") = "DesignPatterns.Structural", "src\DesignPatterns.Structural\DesignPatterns.Structural.csproj", "{B19F23F5-DAF5-4942-9139-7E3C89DEBD94}"
EndProject
Project("{FAE04EC0-301F-11D3-BF4B-00C04F79EFBC}") = "DesignPatterns.Behavioral", "src\DesignPatterns.Behavioral\DesignPatterns.Behavioral.csproj", "{14AB05EE-1044-4FF1-AB27-B8E3B55BCC11}"
EndProject
Project("{FAE04EC0-301F-11D3-BF4B-00C04F79EFBC}") = "CSharp.ActorModel", "src\CSharp.ActorModel\CSharp.ActorModel.csproj", "{EDCD05A6-2036-48A1-9651-D77F7E7E14FD}"
EndProject
Project("{FAE04EC0-301F-11D3-BF4B-00C04F79EFBC}") = "CSharp.AsyncEnumerable", "src\CSharp.AsyncEnumerable\CSharp.AsyncEnumerable.csproj", "{0C6E7003-DA9B-4702-9BC2-3AC3F7951593}"
EndProject
Project("{FAE04EC0-301F-11D3-BF4B-00C04F79EFBC}") = "CSharp.AsyncLazyLoading", "src\CSharp.AsyncLazyLoading\CSharp.AsyncLazyLoading.csproj", "{B90586F7-0EA2-4274-A771-1F19ABAE9F16}"
EndProject
Project("{FAE04EC0-301F-11D3-BF4B-00C04F79EFBC}") = "CSharp.CacheAside", "src\CSharp.CacheAside\CSharp.CacheAside.csproj", "{6EA4DADD-F33E-4264-8587-ACB3F7B3CC8D}"
EndProject
Project("{FAE04EC0-301F-11D3-BF4B-00C04F79EFBC}") = "CSharp.CacheInvalidation", "src\CSharp.CacheInvalidation\CSharp.CacheInvalidation.csproj", "{8DF005AE-966B-4D32-AE3C-14F62928DCA7}"
EndProject
Project("{FAE04EC0-301F-11D3-BF4B-00C04F79EFBC}") = "CSharp.CancellationPatterns", "src\CSharp.CancellationPatterns\CSharp.CancellationPatterns.csproj", "{42B21B1F-E5F4-4BD1-9DF6-AF66F57E14F3}"
EndProject
Project("{FAE04EC0-301F-11D3-BF4B-00C04F79EFBC}") = "CSharp.CircuitBreaker", "src\CSharp.CircuitBreaker\CSharp.CircuitBreaker.csproj", "{C6AA51AF-8E80-49DA-AA08-077E98F25EA8}"
EndProject
Project("{FAE04EC0-301F-11D3-BF4B-00C04F79EFBC}") = "CSharp.ConcurrentCollections", "src\CSharp.ConcurrentCollections\CSharp.ConcurrentCollections.csproj", "{1D2CD1A6-4019-4216-A87A-4AEE0AB896DF}"
EndProject
Project("{FAE04EC0-301F-11D3-BF4B-00C04F79EFBC}") = "CSharp.DistributedCache", "src\CSharp.DistributedCache\CSharp.DistributedCache.csproj", "{941EBAEA-AB14-48D0-8155-4CA8C730EDF6}"
EndProject
Project("{FAE04EC0-301F-11D3-BF4B-00C04F79EFBC}") = "CSharp.EventSourcing", "src\CSharp.EventSourcing\CSharp.EventSourcing.csproj", "{234F5517-8F1D-4070-9F98-D953F1E62F27}"
EndProject
Project("{FAE04EC0-301F-11D3-BF4B-00C04F79EFBC}") = "CSharp.ExceptionHandling", "src\CSharp.ExceptionHandling\CSharp.ExceptionHandling.csproj", "{1363DE81-DAF3-4A38-836D-87206A742CEC}"
EndProject
Project("{FAE04EC0-301F-11D3-BF4B-00C04F79EFBC}") = "CSharp.FunctionalLinq", "src\CSharp.FunctionalLinq\CSharp.FunctionalLinq.csproj", "{8B253154-AEDE-43F4-83AD-82358916BA1A}"
EndProject
Project("{FAE04EC0-301F-11D3-BF4B-00C04F79EFBC}") = "CSharp.LinqExtensions", "src\CSharp.LinqExtensions\CSharp.LinqExtensions.csproj", "{8FE8CD11-1C56-4074-81FB-20CCDDEA7DFA}"
EndProject
Project("{FAE04EC0-301F-11D3-BF4B-00C04F79EFBC}") = "CSharp.LoggingPatterns", "src\CSharp.LoggingPatterns\CSharp.LoggingPatterns.csproj", "{8C55305C-4576-457B-B9B9-A90291E43DCF}"
EndProject
Project("{FAE04EC0-301F-11D3-BF4B-00C04F79EFBC}") = "CSharp.Memoization", "src\CSharp.Memoization\CSharp.Memoization.csproj", "{401A4D3E-7B11-4A92-B746-534E5A905015}"
EndProject
Project("{FAE04EC0-301F-11D3-BF4B-00C04F79EFBC}") = "CSharp.MemoryPools", "src\CSharp.MemoryPools\CSharp.MemoryPools.csproj", "{622634C0-2AC1-4510-8EE6-2C01AB5D2594}"
EndProject
Project("{FAE04EC0-301F-11D3-BF4B-00C04F79EFBC}") = "CSharp.MessageQueue", "src\CSharp.MessageQueue\CSharp.MessageQueue.csproj", "{B5BBB54C-5CFC-44A8-91C9-30B4C2D41208}"
EndProject
Project("{FAE04EC0-301F-11D3-BF4B-00C04F79EFBC}") = "CSharp.MicroOptimizations", "src\CSharp.MicroOptimizations\CSharp.MicroOptimizations.csproj", "{0F076762-1745-4F4B-B684-E5EB7A0B8FAD}"
EndProject
Project("{FAE04EC0-301F-11D3-BF4B-00C04F79EFBC}") = "CSharp.PerformanceLinq", "src\CSharp.PerformanceLinq\CSharp.PerformanceLinq.csproj", "{4B6DD711-DDF7-4664-95A0-0A7AD13AA93B}"
EndProject
Project("{FAE04EC0-301F-11D3-BF4B-00C04F79EFBC}") = "CSharp.PollyPatterns", "src\CSharp.PollyPatterns\CSharp.PollyPatterns.csproj", "{3506F23D-8AAC-4571-9680-77ED42F00D2B}"
EndProject
Project("{FAE04EC0-301F-11D3-BF4B-00C04F79EFBC}") = "CSharp.ProducerConsumer", "src\CSharp.ProducerConsumer\CSharp.ProducerConsumer.csproj", "{3328D689-548B-4033-AEAF-468ECBB23DDB}"
EndProject
Project("{FAE04EC0-301F-11D3-BF4B-00C04F79EFBC}") = "CSharp.PubSub", "src\CSharp.PubSub\CSharp.PubSub.csproj", "{5BA3C842-C932-4287-A5EB-4656DE6AD589}"
EndProject
Project("{FAE04EC0-301F-11D3-BF4B-00C04F79EFBC}") = "CSharp.QueryOptimization", "src\CSharp.QueryOptimization\CSharp.QueryOptimization.csproj", "{E98A1F7C-E04B-4CC5-B4E3-C7AFFB8ADA59}"
EndProject
Project("{FAE04EC0-301F-11D3-BF4B-00C04F79EFBC}") = "CSharp.ReaderWriterLocks", "src\CSharp.ReaderWriterLocks\CSharp.ReaderWriterLocks.csproj", "{658FB639-9EA2-4553-9BFA-CC8B662C71A8}"
EndProject
Project("{FAE04EC0-301F-11D3-BF4B-00C04F79EFBC}") = "CSharp.RetryPattern", "src\CSharp.RetryPattern\CSharp.RetryPattern.csproj", "{FBCAD236-0F1F-4203-8B64-0AB8E2A27754}"
EndProject
Project("{FAE04EC0-301F-11D3-BF4B-00C04F79EFBC}") = "CSharp.SagaPatterns", "src\CSharp.SagaPatterns\CSharp.SagaPatterns.csproj", "{77E4CBB4-B0CC-4EDC-9401-D8895AAF5F12}"
EndProject
Project("{FAE04EC0-301F-11D3-BF4B-00C04F79EFBC}") = "CSharp.SpanOperations", "src\CSharp.SpanOperations\CSharp.SpanOperations.csproj", "{ABA0C245-194B-4645-994D-C1FC0C834193}"
EndProject
Project("{FAE04EC0-301F-11D3-BF4B-00C04F79EFBC}") = "CSharp.StringTruncate", "src\CSharp.StringTruncate\CSharp.StringTruncate.csproj", "{E71DC991-028C-4D63-8C4D-BAC09C5D2EBB}"
EndProject
Project("{FAE04EC0-301F-11D3-BF4B-00C04F79EFBC}") = "CSharp.TaskCombinators", "src\CSharp.TaskCombinators\CSharp.TaskCombinators.csproj", "{DDB8346D-2C0A-46F7-99CA-A9A6449F46C4}"
EndProject
Project("{FAE04EC0-301F-11D3-BF4B-00C04F79EFBC}") = "CSharp.Vectorization", "src\CSharp.Vectorization\CSharp.Vectorization.csproj", "{BDED732A-9924-4C56-BE71-9BD3BC423620}"
EndProject
Project("{FAE04EC0-301F-11D3-BF4B-00C04F79EFBC}") = "Algorithm.DataStructures", "src\Algorithm.DataStructures\Algorithm.DataStructures.csproj", "{11111111-1111-1111-1111-111111111111}"
EndProject
Project("{FAE04EC0-301F-11D3-BF4B-00C04F79EFBC}") = "Algorithm.DynamicProgramming", "src\Algorithm.DynamicProgramming\Algorithm.DynamicProgramming.csproj", "{22222222-2222-2222-2222-222222222222}"
EndProject
Project("{FAE04EC0-301F-11D3-BF4B-00C04F79EFBC}") = "Algorithm.GraphAlgorithms", "src\Algorithm.GraphAlgorithms\Algorithm.GraphAlgorithms.csproj", "{33333333-3333-3333-3333-333333333333}"
EndProject
Project("{FAE04EC0-301F-11D3-BF4B-00C04F79EFBC}") = "Algorithm.SearchingAlgorithms", "src\Algorithm.SearchingAlgorithms\Algorithm.SearchingAlgorithms.csproj", "{44444444-4444-4444-4444-444444444444}"
EndProject
Project("{FAE04EC0-301F-11D3-BF4B-00C04F79EFBC}") = "Algorithm.SortingAlgorithms", "src\Algorithm.SortingAlgorithms\Algorithm.SortingAlgorithms.csproj", "{55555555-5555-5555-5555-555555555555}"
EndProject
Project("{FAE04EC0-301F-11D3-BF4B-00C04F79EFBC}") = "Algorithm.StringAlgorithms", "src\Algorithm.StringAlgorithms\Algorithm.StringAlgorithms.csproj", "{66666666-6666-6666-6666-666666666666}"
EndProject
Project("{FAE04EC0-301F-11D3-BF4B-00C04F79EFBC}") = "CSharp.AzureManagedIdentity", "src\CSharp.AzureManagedIdentity\CSharp.AzureManagedIdentity.csproj", "{630592B6-9D84-426C-A150-0A5CCA79DAC4}"
EndProject
Project("{FAE04EC0-301F-11D3-BF4B-00C04F79EFBC}") = "CSharp.JwtAuthentication", "src\CSharp.JwtAuthentication\CSharp.JwtAuthentication.csproj", "{8B4C3461-B5EF-451D-BC8F-0C7C1C0DD7E2}"
EndProject
Project("{FAE04EC0-301F-11D3-BF4B-00C04F79EFBC}") = "CSharp.OAuthIntegration", "src\CSharp.OAuthIntegration\CSharp.OAuthIntegration.csproj", "{D337AD10-19CA-4ACC-A8B5-12049D89226F}"
EndProject
Project("{FAE04EC0-301F-11D3-BF4B-00C04F79EFBC}") = "CSharp.PasswordSecurity", "src\CSharp.PasswordSecurity\CSharp.PasswordSecurity.csproj", "{5748DE2E-9529-4BD9-8A17-581016445B7F}"
EndProject
Project("{FAE04EC0-301F-11D3-BF4B-00C04F79EFBC}") = "CSharp.RoleBasedAuthorization", "src\CSharp.RoleBasedAuthorization\CSharp.RoleBasedAuthorization.csproj", "{600AA46B-C535-40B2-9780-6DA64BA04C78}"
EndProject
Project("{FAE04EC0-301F-11D3-BF4B-00C04F79EFBC}") = "CSharp.WebSecurity", "src\CSharp.WebSecurity\CSharp.WebSecurity.csproj", "{A49F7964-CA1F-4F2C-BB9E-77F648EA69BF}"
EndProject
Project("{FAE04EC0-301F-11D3-BF4B-00C04F79EFBC}") = "Notebooks.MLDatabaseExamples", "src\Notebooks.MLDatabaseExamples\Notebooks.MLDatabaseExamples.csproj", "{B7F8E1D9-2C4A-4F5B-8E3D-9A1B2C3D4E5F}"
EndProject
Global
	GlobalSection(SolutionConfigurationPlatforms) = preSolution
		Debug|Any CPU = Debug|Any CPU
		Debug|x64 = Debug|x64
		Debug|x86 = Debug|x86
		Release|Any CPU = Release|Any CPU
		Release|x64 = Release|x64
		Release|x86 = Release|x86
	EndGlobalSection
	GlobalSection(ProjectConfigurationPlatforms) = postSolution
		{3DADD3F0-45CA-49DE-83AF-E409E3E3770A}.Debug|Any CPU.ActiveCfg = Debug|Any CPU
		{3DADD3F0-45CA-49DE-83AF-E409E3E3770A}.Debug|Any CPU.Build.0 = Debug|Any CPU
		{3DADD3F0-45CA-49DE-83AF-E409E3E3770A}.Debug|x64.ActiveCfg = Debug|Any CPU
		{3DADD3F0-45CA-49DE-83AF-E409E3E3770A}.Debug|x64.Build.0 = Debug|Any CPU
		{3DADD3F0-45CA-49DE-83AF-E409E3E3770A}.Debug|x86.ActiveCfg = Debug|Any CPU
		{3DADD3F0-45CA-49DE-83AF-E409E3E3770A}.Debug|x86.Build.0 = Debug|Any CPU
		{3DADD3F0-45CA-49DE-83AF-E409E3E3770A}.Release|Any CPU.ActiveCfg = Release|Any CPU
		{3DADD3F0-45CA-49DE-83AF-E409E3E3770A}.Release|Any CPU.Build.0 = Release|Any CPU
		{3DADD3F0-45CA-49DE-83AF-E409E3E3770A}.Release|x64.ActiveCfg = Release|Any CPU
		{3DADD3F0-45CA-49DE-83AF-E409E3E3770A}.Release|x64.Build.0 = Release|Any CPU
		{3DADD3F0-45CA-49DE-83AF-E409E3E3770A}.Release|x86.ActiveCfg = Release|Any CPU
		{3DADD3F0-45CA-49DE-83AF-E409E3E3770A}.Release|x86.Build.0 = Release|Any CPU
		{B19F23F5-DAF5-4942-9139-7E3C89DEBD94}.Debug|Any CPU.ActiveCfg = Debug|Any CPU
		{B19F23F5-DAF5-4942-9139-7E3C89DEBD94}.Debug|Any CPU.Build.0 = Debug|Any CPU
		{B19F23F5-DAF5-4942-9139-7E3C89DEBD94}.Debug|x64.ActiveCfg = Debug|Any CPU
		{B19F23F5-DAF5-4942-9139-7E3C89DEBD94}.Debug|x64.Build.0 = Debug|Any CPU
		{B19F23F5-DAF5-4942-9139-7E3C89DEBD94}.Debug|x86.ActiveCfg = Debug|Any CPU
		{B19F23F5-DAF5-4942-9139-7E3C89DEBD94}.Debug|x86.Build.0 = Debug|Any CPU
		{B19F23F5-DAF5-4942-9139-7E3C89DEBD94}.Release|Any CPU.ActiveCfg = Release|Any CPU
		{B19F23F5-DAF5-4942-9139-7E3C89DEBD94}.Release|Any CPU.Build.0 = Release|Any CPU
		{B19F23F5-DAF5-4942-9139-7E3C89DEBD94}.Release|x64.ActiveCfg = Release|Any CPU
		{B19F23F5-DAF5-4942-9139-7E3C89DEBD94}.Release|x64.Build.0 = Release|Any CPU
		{B19F23F5-DAF5-4942-9139-7E3C89DEBD94}.Release|x86.ActiveCfg = Release|Any CPU
		{B19F23F5-DAF5-4942-9139-7E3C89DEBD94}.Release|x86.Build.0 = Release|Any CPU
		{14AB05EE-1044-4FF1-AB27-B8E3B55BCC11}.Debug|Any CPU.ActiveCfg = Debug|Any CPU
		{14AB05EE-1044-4FF1-AB27-B8E3B55BCC11}.Debug|Any CPU.Build.0 = Debug|Any CPU
		{14AB05EE-1044-4FF1-AB27-B8E3B55BCC11}.Debug|x64.ActiveCfg = Debug|Any CPU
		{14AB05EE-1044-4FF1-AB27-B8E3B55BCC11}.Debug|x64.Build.0 = Debug|Any CPU
		{14AB05EE-1044-4FF1-AB27-B8E3B55BCC11}.Debug|x86.ActiveCfg = Debug|Any CPU
		{14AB05EE-1044-4FF1-AB27-B8E3B55BCC11}.Debug|x86.Build.0 = Debug|Any CPU
		{14AB05EE-1044-4FF1-AB27-B8E3B55BCC11}.Release|Any CPU.ActiveCfg = Release|Any CPU
		{14AB05EE-1044-4FF1-AB27-B8E3B55BCC11}.Release|Any CPU.Build.0 = Release|Any CPU
		{14AB05EE-1044-4FF1-AB27-B8E3B55BCC11}.Release|x64.ActiveCfg = Release|Any CPU
		{14AB05EE-1044-4FF1-AB27-B8E3B55BCC11}.Release|x64.Build.0 = Release|Any CPU
		{14AB05EE-1044-4FF1-AB27-B8E3B55BCC11}.Release|x86.ActiveCfg = Release|Any CPU
		{14AB05EE-1044-4FF1-AB27-B8E3B55BCC11}.Release|x86.Build.0 = Release|Any CPU
		{EDCD05A6-2036-48A1-9651-D77F7E7E14FD}.Debug|Any CPU.ActiveCfg = Debug|Any CPU
		{EDCD05A6-2036-48A1-9651-D77F7E7E14FD}.Debug|Any CPU.Build.0 = Debug|Any CPU
		{EDCD05A6-2036-48A1-9651-D77F7E7E14FD}.Debug|x64.ActiveCfg = Debug|Any CPU
		{EDCD05A6-2036-48A1-9651-D77F7E7E14FD}.Debug|x64.Build.0 = Debug|Any CPU
		{EDCD05A6-2036-48A1-9651-D77F7E7E14FD}.Debug|x86.ActiveCfg = Debug|Any CPU
		{EDCD05A6-2036-48A1-9651-D77F7E7E14FD}.Debug|x86.Build.0 = Debug|Any CPU
		{EDCD05A6-2036-48A1-9651-D77F7E7E14FD}.Release|Any CPU.ActiveCfg = Release|Any CPU
		{EDCD05A6-2036-48A1-9651-D77F7E7E14FD}.Release|Any CPU.Build.0 = Release|Any CPU
		{EDCD05A6-2036-48A1-9651-D77F7E7E14FD}.Release|x64.ActiveCfg = Release|Any CPU
		{EDCD05A6-2036-48A1-9651-D77F7E7E14FD}.Release|x64.Build.0 = Release|Any CPU
		{EDCD05A6-2036-48A1-9651-D77F7E7E14FD}.Release|x86.ActiveCfg = Release|Any CPU
		{EDCD05A6-2036-48A1-9651-D77F7E7E14FD}.Release|x86.Build.0 = Release|Any CPU
		{0C6E7003-DA9B-4702-9BC2-3AC3F7951593}.Debug|Any CPU.ActiveCfg = Debug|Any CPU
		{0C6E7003-DA9B-4702-9BC2-3AC3F7951593}.Debug|Any CPU.Build.0 = Debug|Any CPU
		{0C6E7003-DA9B-4702-9BC2-3AC3F7951593}.Debug|x64.ActiveCfg = Debug|Any CPU
		{0C6E7003-DA9B-4702-9BC2-3AC3F7951593}.Debug|x64.Build.0 = Debug|Any CPU
		{0C6E7003-DA9B-4702-9BC2-3AC3F7951593}.Debug|x86.ActiveCfg = Debug|Any CPU
		{0C6E7003-DA9B-4702-9BC2-3AC3F7951593}.Debug|x86.Build.0 = Debug|Any CPU
		{0C6E7003-DA9B-4702-9BC2-3AC3F7951593}.Release|Any CPU.ActiveCfg = Release|Any CPU
		{0C6E7003-DA9B-4702-9BC2-3AC3F7951593}.Release|Any CPU.Build.0 = Release|Any CPU
		{0C6E7003-DA9B-4702-9BC2-3AC3F7951593}.Release|x64.ActiveCfg = Release|Any CPU
		{0C6E7003-DA9B-4702-9BC2-3AC3F7951593}.Release|x64.Build.0 = Release|Any CPU
		{0C6E7003-DA9B-4702-9BC2-3AC3F7951593}.Release|x86.ActiveCfg = Release|Any CPU
		{0C6E7003-DA9B-4702-9BC2-3AC3F7951593}.Release|x86.Build.0 = Release|Any CPU
		{B90586F7-0EA2-4274-A771-1F19ABAE9F16}.Debug|Any CPU.ActiveCfg = Debug|Any CPU
		{B90586F7-0EA2-4274-A771-1F19ABAE9F16}.Debug|Any CPU.Build.0 = Debug|Any CPU
		{B90586F7-0EA2-4274-A771-1F19ABAE9F16}.Debug|x64.ActiveCfg = Debug|Any CPU
		{B90586F7-0EA2-4274-A771-1F19ABAE9F16}.Debug|x64.Build.0 = Debug|Any CPU
		{B90586F7-0EA2-4274-A771-1F19ABAE9F16}.Debug|x86.ActiveCfg = Debug|Any CPU
		{B90586F7-0EA2-4274-A771-1F19ABAE9F16}.Debug|x86.Build.0 = Debug|Any CPU
		{B90586F7-0EA2-4274-A771-1F19ABAE9F16}.Release|Any CPU.ActiveCfg = Release|Any CPU
		{B90586F7-0EA2-4274-A771-1F19ABAE9F16}.Release|Any CPU.Build.0 = Release|Any CPU
		{B90586F7-0EA2-4274-A771-1F19ABAE9F16}.Release|x64.ActiveCfg = Release|Any CPU
		{B90586F7-0EA2-4274-A771-1F19ABAE9F16}.Release|x64.Build.0 = Release|Any CPU
		{B90586F7-0EA2-4274-A771-1F19ABAE9F16}.Release|x86.ActiveCfg = Release|Any CPU
		{B90586F7-0EA2-4274-A771-1F19ABAE9F16}.Release|x86.Build.0 = Release|Any CPU
		{6EA4DADD-F33E-4264-8587-ACB3F7B3CC8D}.Debug|Any CPU.ActiveCfg = Debug|Any CPU
		{6EA4DADD-F33E-4264-8587-ACB3F7B3CC8D}.Debug|Any CPU.Build.0 = Debug|Any CPU
		{6EA4DADD-F33E-4264-8587-ACB3F7B3CC8D}.Debug|x64.ActiveCfg = Debug|Any CPU
		{6EA4DADD-F33E-4264-8587-ACB3F7B3CC8D}.Debug|x64.Build.0 = Debug|Any CPU
		{6EA4DADD-F33E-4264-8587-ACB3F7B3CC8D}.Debug|x86.ActiveCfg = Debug|Any CPU
		{6EA4DADD-F33E-4264-8587-ACB3F7B3CC8D}.Debug|x86.Build.0 = Debug|Any CPU
		{6EA4DADD-F33E-4264-8587-ACB3F7B3CC8D}.Release|Any CPU.ActiveCfg = Release|Any CPU
		{6EA4DADD-F33E-4264-8587-ACB3F7B3CC8D}.Release|Any CPU.Build.0 = Release|Any CPU
		{6EA4DADD-F33E-4264-8587-ACB3F7B3CC8D}.Release|x64.ActiveCfg = Release|Any CPU
		{6EA4DADD-F33E-4264-8587-ACB3F7B3CC8D}.Release|x64.Build.0 = Release|Any CPU
		{6EA4DADD-F33E-4264-8587-ACB3F7B3CC8D}.Release|x86.ActiveCfg = Release|Any CPU
		{6EA4DADD-F33E-4264-8587-ACB3F7B3CC8D}.Release|x86.Build.0 = Release|Any CPU
		{8DF005AE-966B-4D32-AE3C-14F62928DCA7}.Debug|Any CPU.ActiveCfg = Debug|Any CPU
		{8DF005AE-966B-4D32-AE3C-14F62928DCA7}.Debug|Any CPU.Build.0 = Debug|Any CPU
		{8DF005AE-966B-4D32-AE3C-14F62928DCA7}.Debug|x64.ActiveCfg = Debug|Any CPU
		{8DF005AE-966B-4D32-AE3C-14F62928DCA7}.Debug|x64.Build.0 = Debug|Any CPU
		{8DF005AE-966B-4D32-AE3C-14F62928DCA7}.Debug|x86.ActiveCfg = Debug|Any CPU
		{8DF005AE-966B-4D32-AE3C-14F62928DCA7}.Debug|x86.Build.0 = Debug|Any CPU
		{8DF005AE-966B-4D32-AE3C-14F62928DCA7}.Release|Any CPU.ActiveCfg = Release|Any CPU
		{8DF005AE-966B-4D32-AE3C-14F62928DCA7}.Release|Any CPU.Build.0 = Release|Any CPU
		{8DF005AE-966B-4D32-AE3C-14F62928DCA7}.Release|x64.ActiveCfg = Release|Any CPU
		{8DF005AE-966B-4D32-AE3C-14F62928DCA7}.Release|x64.Build.0 = Release|Any CPU
		{8DF005AE-966B-4D32-AE3C-14F62928DCA7}.Release|x86.ActiveCfg = Release|Any CPU
		{8DF005AE-966B-4D32-AE3C-14F62928DCA7}.Release|x86.Build.0 = Release|Any CPU
		{42B21B1F-E5F4-4BD1-9DF6-AF66F57E14F3}.Debug|Any CPU.ActiveCfg = Debug|Any CPU
		{42B21B1F-E5F4-4BD1-9DF6-AF66F57E14F3}.Debug|Any CPU.Build.0 = Debug|Any CPU
		{42B21B1F-E5F4-4BD1-9DF6-AF66F57E14F3}.Debug|x64.ActiveCfg = Debug|Any CPU
		{42B21B1F-E5F4-4BD1-9DF6-AF66F57E14F3}.Debug|x64.Build.0 = Debug|Any CPU
		{42B21B1F-E5F4-4BD1-9DF6-AF66F57E14F3}.Debug|x86.ActiveCfg = Debug|Any CPU
		{42B21B1F-E5F4-4BD1-9DF6-AF66F57E14F3}.Debug|x86.Build.0 = Debug|Any CPU
		{42B21B1F-E5F4-4BD1-9DF6-AF66F57E14F3}.Release|Any CPU.ActiveCfg = Release|Any CPU
		{42B21B1F-E5F4-4BD1-9DF6-AF66F57E14F3}.Release|Any CPU.Build.0 = Release|Any CPU
		{42B21B1F-E5F4-4BD1-9DF6-AF66F57E14F3}.Release|x64.ActiveCfg = Release|Any CPU
		{42B21B1F-E5F4-4BD1-9DF6-AF66F57E14F3}.Release|x64.Build.0 = Release|Any CPU
		{42B21B1F-E5F4-4BD1-9DF6-AF66F57E14F3}.Release|x86.ActiveCfg = Release|Any CPU
		{42B21B1F-E5F4-4BD1-9DF6-AF66F57E14F3}.Release|x86.Build.0 = Release|Any CPU
		{C6AA51AF-8E80-49DA-AA08-077E98F25EA8}.Debug|Any CPU.ActiveCfg = Debug|Any CPU
		{C6AA51AF-8E80-49DA-AA08-077E98F25EA8}.Debug|Any CPU.Build.0 = Debug|Any CPU
		{C6AA51AF-8E80-49DA-AA08-077E98F25EA8}.Debug|x64.ActiveCfg = Debug|Any CPU
		{C6AA51AF-8E80-49DA-AA08-077E98F25EA8}.Debug|x64.Build.0 = Debug|Any CPU
		{C6AA51AF-8E80-49DA-AA08-077E98F25EA8}.Debug|x86.ActiveCfg = Debug|Any CPU
		{C6AA51AF-8E80-49DA-AA08-077E98F25EA8}.Debug|x86.Build.0 = Debug|Any CPU
		{C6AA51AF-8E80-49DA-AA08-077E98F25EA8}.Release|Any CPU.ActiveCfg = Release|Any CPU
		{C6AA51AF-8E80-49DA-AA08-077E98F25EA8}.Release|Any CPU.Build.0 = Release|Any CPU
		{C6AA51AF-8E80-49DA-AA08-077E98F25EA8}.Release|x64.ActiveCfg = Release|Any CPU
		{C6AA51AF-8E80-49DA-AA08-077E98F25EA8}.Release|x64.Build.0 = Release|Any CPU
		{C6AA51AF-8E80-49DA-AA08-077E98F25EA8}.Release|x86.ActiveCfg = Release|Any CPU
		{C6AA51AF-8E80-49DA-AA08-077E98F25EA8}.Release|x86.Build.0 = Release|Any CPU
		{1D2CD1A6-4019-4216-A87A-4AEE0AB896DF}.Debug|Any CPU.ActiveCfg = Debug|Any CPU
		{1D2CD1A6-4019-4216-A87A-4AEE0AB896DF}.Debug|Any CPU.Build.0 = Debug|Any CPU
		{1D2CD1A6-4019-4216-A87A-4AEE0AB896DF}.Debug|x64.ActiveCfg = Debug|Any CPU
		{1D2CD1A6-4019-4216-A87A-4AEE0AB896DF}.Debug|x64.Build.0 = Debug|Any CPU
		{1D2CD1A6-4019-4216-A87A-4AEE0AB896DF}.Debug|x86.ActiveCfg = Debug|Any CPU
		{1D2CD1A6-4019-4216-A87A-4AEE0AB896DF}.Debug|x86.Build.0 = Debug|Any CPU
		{1D2CD1A6-4019-4216-A87A-4AEE0AB896DF}.Release|Any CPU.ActiveCfg = Release|Any CPU
		{1D2CD1A6-4019-4216-A87A-4AEE0AB896DF}.Release|Any CPU.Build.0 = Release|Any CPU
		{1D2CD1A6-4019-4216-A87A-4AEE0AB896DF}.Release|x64.ActiveCfg = Release|Any CPU
		{1D2CD1A6-4019-4216-A87A-4AEE0AB896DF}.Release|x64.Build.0 = Release|Any CPU
		{1D2CD1A6-4019-4216-A87A-4AEE0AB896DF}.Release|x86.ActiveCfg = Release|Any CPU
		{1D2CD1A6-4019-4216-A87A-4AEE0AB896DF}.Release|x86.Build.0 = Release|Any CPU
		{941EBAEA-AB14-48D0-8155-4CA8C730EDF6}.Debug|Any CPU.ActiveCfg = Debug|Any CPU
		{941EBAEA-AB14-48D0-8155-4CA8C730EDF6}.Debug|Any CPU.Build.0 = Debug|Any CPU
		{941EBAEA-AB14-48D0-8155-4CA8C730EDF6}.Debug|x64.ActiveCfg = Debug|Any CPU
		{941EBAEA-AB14-48D0-8155-4CA8C730EDF6}.Debug|x64.Build.0 = Debug|Any CPU
		{941EBAEA-AB14-48D0-8155-4CA8C730EDF6}.Debug|x86.ActiveCfg = Debug|Any CPU
		{941EBAEA-AB14-48D0-8155-4CA8C730EDF6}.Debug|x86.Build.0 = Debug|Any CPU
		{941EBAEA-AB14-48D0-8155-4CA8C730EDF6}.Release|Any CPU.ActiveCfg = Release|Any CPU
		{941EBAEA-AB14-48D0-8155-4CA8C730EDF6}.Release|Any CPU.Build.0 = Release|Any CPU
		{941EBAEA-AB14-48D0-8155-4CA8C730EDF6}.Release|x64.ActiveCfg = Release|Any CPU
		{941EBAEA-AB14-48D0-8155-4CA8C730EDF6}.Release|x64.Build.0 = Release|Any CPU
		{941EBAEA-AB14-48D0-8155-4CA8C730EDF6}.Release|x86.ActiveCfg = Release|Any CPU
		{941EBAEA-AB14-48D0-8155-4CA8C730EDF6}.Release|x86.Build.0 = Release|Any CPU
		{234F5517-8F1D-4070-9F98-D953F1E62F27}.Debug|Any CPU.ActiveCfg = Debug|Any CPU
		{234F5517-8F1D-4070-9F98-D953F1E62F27}.Debug|Any CPU.Build.0 = Debug|Any CPU
		{234F5517-8F1D-4070-9F98-D953F1E62F27}.Debug|x64.ActiveCfg = Debug|Any CPU
		{234F5517-8F1D-4070-9F98-D953F1E62F27}.Debug|x64.Build.0 = Debug|Any CPU
		{234F5517-8F1D-4070-9F98-D953F1E62F27}.Debug|x86.ActiveCfg = Debug|Any CPU
		{234F5517-8F1D-4070-9F98-D953F1E62F27}.Debug|x86.Build.0 = Debug|Any CPU
		{234F5517-8F1D-4070-9F98-D953F1E62F27}.Release|Any CPU.ActiveCfg = Release|Any CPU
		{234F5517-8F1D-4070-9F98-D953F1E62F27}.Release|Any CPU.Build.0 = Release|Any CPU
		{234F5517-8F1D-4070-9F98-D953F1E62F27}.Release|x64.ActiveCfg = Release|Any CPU
		{234F5517-8F1D-4070-9F98-D953F1E62F27}.Release|x64.Build.0 = Release|Any CPU
		{234F5517-8F1D-4070-9F98-D953F1E62F27}.Release|x86.ActiveCfg = Release|Any CPU
		{234F5517-8F1D-4070-9F98-D953F1E62F27}.Release|x86.Build.0 = Release|Any CPU
		{1363DE81-DAF3-4A38-836D-87206A742CEC}.Debug|Any CPU.ActiveCfg = Debug|Any CPU
		{1363DE81-DAF3-4A38-836D-87206A742CEC}.Debug|Any CPU.Build.0 = Debug|Any CPU
		{1363DE81-DAF3-4A38-836D-87206A742CEC}.Debug|x64.ActiveCfg = Debug|Any CPU
		{1363DE81-DAF3-4A38-836D-87206A742CEC}.Debug|x64.Build.0 = Debug|Any CPU
		{1363DE81-DAF3-4A38-836D-87206A742CEC}.Debug|x86.ActiveCfg = Debug|Any CPU
		{1363DE81-DAF3-4A38-836D-87206A742CEC}.Debug|x86.Build.0 = Debug|Any CPU
		{1363DE81-DAF3-4A38-836D-87206A742CEC}.Release|Any CPU.ActiveCfg = Release|Any CPU
		{1363DE81-DAF3-4A38-836D-87206A742CEC}.Release|Any CPU.Build.0 = Release|Any CPU
		{1363DE81-DAF3-4A38-836D-87206A742CEC}.Release|x64.ActiveCfg = Release|Any CPU
		{1363DE81-DAF3-4A38-836D-87206A742CEC}.Release|x64.Build.0 = Release|Any CPU
		{1363DE81-DAF3-4A38-836D-87206A742CEC}.Release|x86.ActiveCfg = Release|Any CPU
		{1363DE81-DAF3-4A38-836D-87206A742CEC}.Release|x86.Build.0 = Release|Any CPU
		{8B253154-AEDE-43F4-83AD-82358916BA1A}.Debug|Any CPU.ActiveCfg = Debug|Any CPU
		{8B253154-AEDE-43F4-83AD-82358916BA1A}.Debug|Any CPU.Build.0 = Debug|Any CPU
		{8B253154-AEDE-43F4-83AD-82358916BA1A}.Debug|x64.ActiveCfg = Debug|Any CPU
		{8B253154-AEDE-43F4-83AD-82358916BA1A}.Debug|x64.Build.0 = Debug|Any CPU
		{8B253154-AEDE-43F4-83AD-82358916BA1A}.Debug|x86.ActiveCfg = Debug|Any CPU
		{8B253154-AEDE-43F4-83AD-82358916BA1A}.Debug|x86.Build.0 = Debug|Any CPU
		{8B253154-AEDE-43F4-83AD-82358916BA1A}.Release|Any CPU.ActiveCfg = Release|Any CPU
		{8B253154-AEDE-43F4-83AD-82358916BA1A}.Release|Any CPU.Build.0 = Release|Any CPU
		{8B253154-AEDE-43F4-83AD-82358916BA1A}.Release|x64.ActiveCfg = Release|Any CPU
		{8B253154-AEDE-43F4-83AD-82358916BA1A}.Release|x64.Build.0 = Release|Any CPU
		{8B253154-AEDE-43F4-83AD-82358916BA1A}.Release|x86.ActiveCfg = Release|Any CPU
		{8B253154-AEDE-43F4-83AD-82358916BA1A}.Release|x86.Build.0 = Release|Any CPU
		{8FE8CD11-1C56-4074-81FB-20CCDDEA7DFA}.Debug|Any CPU.ActiveCfg = Debug|Any CPU
		{8FE8CD11-1C56-4074-81FB-20CCDDEA7DFA}.Debug|Any CPU.Build.0 = Debug|Any CPU
		{8FE8CD11-1C56-4074-81FB-20CCDDEA7DFA}.Debug|x64.ActiveCfg = Debug|Any CPU
		{8FE8CD11-1C56-4074-81FB-20CCDDEA7DFA}.Debug|x64.Build.0 = Debug|Any CPU
		{8FE8CD11-1C56-4074-81FB-20CCDDEA7DFA}.Debug|x86.ActiveCfg = Debug|Any CPU
		{8FE8CD11-1C56-4074-81FB-20CCDDEA7DFA}.Debug|x86.Build.0 = Debug|Any CPU
		{8FE8CD11-1C56-4074-81FB-20CCDDEA7DFA}.Release|Any CPU.ActiveCfg = Release|Any CPU
		{8FE8CD11-1C56-4074-81FB-20CCDDEA7DFA}.Release|Any CPU.Build.0 = Release|Any CPU
		{8FE8CD11-1C56-4074-81FB-20CCDDEA7DFA}.Release|x64.ActiveCfg = Release|Any CPU
		{8FE8CD11-1C56-4074-81FB-20CCDDEA7DFA}.Release|x64.Build.0 = Release|Any CPU
		{8FE8CD11-1C56-4074-81FB-20CCDDEA7DFA}.Release|x86.ActiveCfg = Release|Any CPU
		{8FE8CD11-1C56-4074-81FB-20CCDDEA7DFA}.Release|x86.Build.0 = Release|Any CPU
		{8C55305C-4576-457B-B9B9-A90291E43DCF}.Debug|Any CPU.ActiveCfg = Debug|Any CPU
		{8C55305C-4576-457B-B9B9-A90291E43DCF}.Debug|Any CPU.Build.0 = Debug|Any CPU
		{8C55305C-4576-457B-B9B9-A90291E43DCF}.Debug|x64.ActiveCfg = Debug|Any CPU
		{8C55305C-4576-457B-B9B9-A90291E43DCF}.Debug|x64.Build.0 = Debug|Any CPU
		{8C55305C-4576-457B-B9B9-A90291E43DCF}.Debug|x86.ActiveCfg = Debug|Any CPU
		{8C55305C-4576-457B-B9B9-A90291E43DCF}.Debug|x86.Build.0 = Debug|Any CPU
		{8C55305C-4576-457B-B9B9-A90291E43DCF}.Release|Any CPU.ActiveCfg = Release|Any CPU
		{8C55305C-4576-457B-B9B9-A90291E43DCF}.Release|Any CPU.Build.0 = Release|Any CPU
		{8C55305C-4576-457B-B9B9-A90291E43DCF}.Release|x64.ActiveCfg = Release|Any CPU
		{8C55305C-4576-457B-B9B9-A90291E43DCF}.Release|x64.Build.0 = Release|Any CPU
		{8C55305C-4576-457B-B9B9-A90291E43DCF}.Release|x86.ActiveCfg = Release|Any CPU
		{8C55305C-4576-457B-B9B9-A90291E43DCF}.Release|x86.Build.0 = Release|Any CPU
		{401A4D3E-7B11-4A92-B746-534E5A905015}.Debug|Any CPU.ActiveCfg = Debug|Any CPU
		{401A4D3E-7B11-4A92-B746-534E5A905015}.Debug|Any CPU.Build.0 = Debug|Any CPU
		{401A4D3E-7B11-4A92-B746-534E5A905015}.Debug|x64.ActiveCfg = Debug|Any CPU
		{401A4D3E-7B11-4A92-B746-534E5A905015}.Debug|x64.Build.0 = Debug|Any CPU
		{401A4D3E-7B11-4A92-B746-534E5A905015}.Debug|x86.ActiveCfg = Debug|Any CPU
		{401A4D3E-7B11-4A92-B746-534E5A905015}.Debug|x86.Build.0 = Debug|Any CPU
		{401A4D3E-7B11-4A92-B746-534E5A905015}.Release|Any CPU.ActiveCfg = Release|Any CPU
		{401A4D3E-7B11-4A92-B746-534E5A905015}.Release|Any CPU.Build.0 = Release|Any CPU
		{401A4D3E-7B11-4A92-B746-534E5A905015}.Release|x64.ActiveCfg = Release|Any CPU
		{401A4D3E-7B11-4A92-B746-534E5A905015}.Release|x64.Build.0 = Release|Any CPU
		{401A4D3E-7B11-4A92-B746-534E5A905015}.Release|x86.ActiveCfg = Release|Any CPU
		{401A4D3E-7B11-4A92-B746-534E5A905015}.Release|x86.Build.0 = Release|Any CPU
		{622634C0-2AC1-4510-8EE6-2C01AB5D2594}.Debug|Any CPU.ActiveCfg = Debug|Any CPU
		{622634C0-2AC1-4510-8EE6-2C01AB5D2594}.Debug|Any CPU.Build.0 = Debug|Any CPU
		{622634C0-2AC1-4510-8EE6-2C01AB5D2594}.Debug|x64.ActiveCfg = Debug|Any CPU
		{622634C0-2AC1-4510-8EE6-2C01AB5D2594}.Debug|x64.Build.0 = Debug|Any CPU
		{622634C0-2AC1-4510-8EE6-2C01AB5D2594}.Debug|x86.ActiveCfg = Debug|Any CPU
		{622634C0-2AC1-4510-8EE6-2C01AB5D2594}.Debug|x86.Build.0 = Debug|Any CPU
		{622634C0-2AC1-4510-8EE6-2C01AB5D2594}.Release|Any CPU.ActiveCfg = Release|Any CPU
		{622634C0-2AC1-4510-8EE6-2C01AB5D2594}.Release|Any CPU.Build.0 = Release|Any CPU
		{622634C0-2AC1-4510-8EE6-2C01AB5D2594}.Release|x64.ActiveCfg = Release|Any CPU
		{622634C0-2AC1-4510-8EE6-2C01AB5D2594}.Release|x64.Build.0 = Release|Any CPU
		{622634C0-2AC1-4510-8EE6-2C01AB5D2594}.Release|x86.ActiveCfg = Release|Any CPU
		{622634C0-2AC1-4510-8EE6-2C01AB5D2594}.Release|x86.Build.0 = Release|Any CPU
		{B5BBB54C-5CFC-44A8-91C9-30B4C2D41208}.Debug|Any CPU.ActiveCfg = Debug|Any CPU
		{B5BBB54C-5CFC-44A8-91C9-30B4C2D41208}.Debug|Any CPU.Build.0 = Debug|Any CPU
		{B5BBB54C-5CFC-44A8-91C9-30B4C2D41208}.Debug|x64.ActiveCfg = Debug|Any CPU
		{B5BBB54C-5CFC-44A8-91C9-30B4C2D41208}.Debug|x64.Build.0 = Debug|Any CPU
		{B5BBB54C-5CFC-44A8-91C9-30B4C2D41208}.Debug|x86.ActiveCfg = Debug|Any CPU
		{B5BBB54C-5CFC-44A8-91C9-30B4C2D41208}.Debug|x86.Build.0 = Debug|Any CPU
		{B5BBB54C-5CFC-44A8-91C9-30B4C2D41208}.Release|Any CPU.ActiveCfg = Release|Any CPU
		{B5BBB54C-5CFC-44A8-91C9-30B4C2D41208}.Release|Any CPU.Build.0 = Release|Any CPU
		{B5BBB54C-5CFC-44A8-91C9-30B4C2D41208}.Release|x64.ActiveCfg = Release|Any CPU
		{B5BBB54C-5CFC-44A8-91C9-30B4C2D41208}.Release|x64.Build.0 = Release|Any CPU
		{B5BBB54C-5CFC-44A8-91C9-30B4C2D41208}.Release|x86.ActiveCfg = Release|Any CPU
		{B5BBB54C-5CFC-44A8-91C9-30B4C2D41208}.Release|x86.Build.0 = Release|Any CPU
		{0F076762-1745-4F4B-B684-E5EB7A0B8FAD}.Debug|Any CPU.ActiveCfg = Debug|Any CPU
		{0F076762-1745-4F4B-B684-E5EB7A0B8FAD}.Debug|Any CPU.Build.0 = Debug|Any CPU
		{0F076762-1745-4F4B-B684-E5EB7A0B8FAD}.Debug|x64.ActiveCfg = Debug|Any CPU
		{0F076762-1745-4F4B-B684-E5EB7A0B8FAD}.Debug|x64.Build.0 = Debug|Any CPU
		{0F076762-1745-4F4B-B684-E5EB7A0B8FAD}.Debug|x86.ActiveCfg = Debug|Any CPU
		{0F076762-1745-4F4B-B684-E5EB7A0B8FAD}.Debug|x86.Build.0 = Debug|Any CPU
		{0F076762-1745-4F4B-B684-E5EB7A0B8FAD}.Release|Any CPU.ActiveCfg = Release|Any CPU
		{0F076762-1745-4F4B-B684-E5EB7A0B8FAD}.Release|Any CPU.Build.0 = Release|Any CPU
		{0F076762-1745-4F4B-B684-E5EB7A0B8FAD}.Release|x64.ActiveCfg = Release|Any CPU
		{0F076762-1745-4F4B-B684-E5EB7A0B8FAD}.Release|x64.Build.0 = Release|Any CPU
		{0F076762-1745-4F4B-B684-E5EB7A0B8FAD}.Release|x86.ActiveCfg = Release|Any CPU
		{0F076762-1745-4F4B-B684-E5EB7A0B8FAD}.Release|x86.Build.0 = Release|Any CPU
		{4B6DD711-DDF7-4664-95A0-0A7AD13AA93B}.Debug|Any CPU.ActiveCfg = Debug|Any CPU
		{4B6DD711-DDF7-4664-95A0-0A7AD13AA93B}.Debug|Any CPU.Build.0 = Debug|Any CPU
		{4B6DD711-DDF7-4664-95A0-0A7AD13AA93B}.Debug|x64.ActiveCfg = Debug|Any CPU
		{4B6DD711-DDF7-4664-95A0-0A7AD13AA93B}.Debug|x64.Build.0 = Debug|Any CPU
		{4B6DD711-DDF7-4664-95A0-0A7AD13AA93B}.Debug|x86.ActiveCfg = Debug|Any CPU
		{4B6DD711-DDF7-4664-95A0-0A7AD13AA93B}.Debug|x86.Build.0 = Debug|Any CPU
		{4B6DD711-DDF7-4664-95A0-0A7AD13AA93B}.Release|Any CPU.ActiveCfg = Release|Any CPU
		{4B6DD711-DDF7-4664-95A0-0A7AD13AA93B}.Release|Any CPU.Build.0 = Release|Any CPU
		{4B6DD711-DDF7-4664-95A0-0A7AD13AA93B}.Release|x64.ActiveCfg = Release|Any CPU
		{4B6DD711-DDF7-4664-95A0-0A7AD13AA93B}.Release|x64.Build.0 = Release|Any CPU
		{4B6DD711-DDF7-4664-95A0-0A7AD13AA93B}.Release|x86.ActiveCfg = Release|Any CPU
		{4B6DD711-DDF7-4664-95A0-0A7AD13AA93B}.Release|x86.Build.0 = Release|Any CPU
		{3506F23D-8AAC-4571-9680-77ED42F00D2B}.Debug|Any CPU.ActiveCfg = Debug|Any CPU
		{3506F23D-8AAC-4571-9680-77ED42F00D2B}.Debug|Any CPU.Build.0 = Debug|Any CPU
		{3506F23D-8AAC-4571-9680-77ED42F00D2B}.Debug|x64.ActiveCfg = Debug|Any CPU
		{3506F23D-8AAC-4571-9680-77ED42F00D2B}.Debug|x64.Build.0 = Debug|Any CPU
		{3506F23D-8AAC-4571-9680-77ED42F00D2B}.Debug|x86.ActiveCfg = Debug|Any CPU
		{3506F23D-8AAC-4571-9680-77ED42F00D2B}.Debug|x86.Build.0 = Debug|Any CPU
		{3506F23D-8AAC-4571-9680-77ED42F00D2B}.Release|Any CPU.ActiveCfg = Release|Any CPU
		{3506F23D-8AAC-4571-9680-77ED42F00D2B}.Release|Any CPU.Build.0 = Release|Any CPU
		{3506F23D-8AAC-4571-9680-77ED42F00D2B}.Release|x64.ActiveCfg = Release|Any CPU
		{3506F23D-8AAC-4571-9680-77ED42F00D2B}.Release|x64.Build.0 = Release|Any CPU
		{3506F23D-8AAC-4571-9680-77ED42F00D2B}.Release|x86.ActiveCfg = Release|Any CPU
		{3506F23D-8AAC-4571-9680-77ED42F00D2B}.Release|x86.Build.0 = Release|Any CPU
		{3328D689-548B-4033-AEAF-468ECBB23DDB}.Debug|Any CPU.ActiveCfg = Debug|Any CPU
		{3328D689-548B-4033-AEAF-468ECBB23DDB}.Debug|Any CPU.Build.0 = Debug|Any CPU
		{3328D689-548B-4033-AEAF-468ECBB23DDB}.Debug|x64.ActiveCfg = Debug|Any CPU
		{3328D689-548B-4033-AEAF-468ECBB23DDB}.Debug|x64.Build.0 = Debug|Any CPU
		{3328D689-548B-4033-AEAF-468ECBB23DDB}.Debug|x86.ActiveCfg = Debug|Any CPU
		{3328D689-548B-4033-AEAF-468ECBB23DDB}.Debug|x86.Build.0 = Debug|Any CPU
		{3328D689-548B-4033-AEAF-468ECBB23DDB}.Release|Any CPU.ActiveCfg = Release|Any CPU
		{3328D689-548B-4033-AEAF-468ECBB23DDB}.Release|Any CPU.Build.0 = Release|Any CPU
		{3328D689-548B-4033-AEAF-468ECBB23DDB}.Release|x64.ActiveCfg = Release|Any CPU
		{3328D689-548B-4033-AEAF-468ECBB23DDB}.Release|x64.Build.0 = Release|Any CPU
		{3328D689-548B-4033-AEAF-468ECBB23DDB}.Release|x86.ActiveCfg = Release|Any CPU
		{3328D689-548B-4033-AEAF-468ECBB23DDB}.Release|x86.Build.0 = Release|Any CPU
		{5BA3C842-C932-4287-A5EB-4656DE6AD589}.Debug|Any CPU.ActiveCfg = Debug|Any CPU
		{5BA3C842-C932-4287-A5EB-4656DE6AD589}.Debug|Any CPU.Build.0 = Debug|Any CPU
		{5BA3C842-C932-4287-A5EB-4656DE6AD589}.Debug|x64.ActiveCfg = Debug|Any CPU
		{5BA3C842-C932-4287-A5EB-4656DE6AD589}.Debug|x64.Build.0 = Debug|Any CPU
		{5BA3C842-C932-4287-A5EB-4656DE6AD589}.Debug|x86.ActiveCfg = Debug|Any CPU
		{5BA3C842-C932-4287-A5EB-4656DE6AD589}.Debug|x86.Build.0 = Debug|Any CPU
		{5BA3C842-C932-4287-A5EB-4656DE6AD589}.Release|Any CPU.ActiveCfg = Release|Any CPU
		{5BA3C842-C932-4287-A5EB-4656DE6AD589}.Release|Any CPU.Build.0 = Release|Any CPU
		{5BA3C842-C932-4287-A5EB-4656DE6AD589}.Release|x64.ActiveCfg = Release|Any CPU
		{5BA3C842-C932-4287-A5EB-4656DE6AD589}.Release|x64.Build.0 = Release|Any CPU
		{5BA3C842-C932-4287-A5EB-4656DE6AD589}.Release|x86.ActiveCfg = Release|Any CPU
		{5BA3C842-C932-4287-A5EB-4656DE6AD589}.Release|x86.Build.0 = Release|Any CPU
		{E98A1F7C-E04B-4CC5-B4E3-C7AFFB8ADA59}.Debug|Any CPU.ActiveCfg = Debug|Any CPU
		{E98A1F7C-E04B-4CC5-B4E3-C7AFFB8ADA59}.Debug|Any CPU.Build.0 = Debug|Any CPU
		{E98A1F7C-E04B-4CC5-B4E3-C7AFFB8ADA59}.Debug|x64.ActiveCfg = Debug|Any CPU
		{E98A1F7C-E04B-4CC5-B4E3-C7AFFB8ADA59}.Debug|x64.Build.0 = Debug|Any CPU
		{E98A1F7C-E04B-4CC5-B4E3-C7AFFB8ADA59}.Debug|x86.ActiveCfg = Debug|Any CPU
		{E98A1F7C-E04B-4CC5-B4E3-C7AFFB8ADA59}.Debug|x86.Build.0 = Debug|Any CPU
		{E98A1F7C-E04B-4CC5-B4E3-C7AFFB8ADA59}.Release|Any CPU.ActiveCfg = Release|Any CPU
		{E98A1F7C-E04B-4CC5-B4E3-C7AFFB8ADA59}.Release|Any CPU.Build.0 = Release|Any CPU
		{E98A1F7C-E04B-4CC5-B4E3-C7AFFB8ADA59}.Release|x64.ActiveCfg = Release|Any CPU
		{E98A1F7C-E04B-4CC5-B4E3-C7AFFB8ADA59}.Release|x64.Build.0 = Release|Any CPU
		{E98A1F7C-E04B-4CC5-B4E3-C7AFFB8ADA59}.Release|x86.ActiveCfg = Release|Any CPU
		{E98A1F7C-E04B-4CC5-B4E3-C7AFFB8ADA59}.Release|x86.Build.0 = Release|Any CPU
		{658FB639-9EA2-4553-9BFA-CC8B662C71A8}.Debug|Any CPU.ActiveCfg = Debug|Any CPU
		{658FB639-9EA2-4553-9BFA-CC8B662C71A8}.Debug|Any CPU.Build.0 = Debug|Any CPU
		{658FB639-9EA2-4553-9BFA-CC8B662C71A8}.Debug|x64.ActiveCfg = Debug|Any CPU
		{658FB639-9EA2-4553-9BFA-CC8B662C71A8}.Debug|x64.Build.0 = Debug|Any CPU
		{658FB639-9EA2-4553-9BFA-CC8B662C71A8}.Debug|x86.ActiveCfg = Debug|Any CPU
		{658FB639-9EA2-4553-9BFA-CC8B662C71A8}.Debug|x86.Build.0 = Debug|Any CPU
		{658FB639-9EA2-4553-9BFA-CC8B662C71A8}.Release|Any CPU.ActiveCfg = Release|Any CPU
		{658FB639-9EA2-4553-9BFA-CC8B662C71A8}.Release|Any CPU.Build.0 = Release|Any CPU
		{658FB639-9EA2-4553-9BFA-CC8B662C71A8}.Release|x64.ActiveCfg = Release|Any CPU
		{658FB639-9EA2-4553-9BFA-CC8B662C71A8}.Release|x64.Build.0 = Release|Any CPU
		{658FB639-9EA2-4553-9BFA-CC8B662C71A8}.Release|x86.ActiveCfg = Release|Any CPU
		{658FB639-9EA2-4553-9BFA-CC8B662C71A8}.Release|x86.Build.0 = Release|Any CPU
		{FBCAD236-0F1F-4203-8B64-0AB8E2A27754}.Debug|Any CPU.ActiveCfg = Debug|Any CPU
		{FBCAD236-0F1F-4203-8B64-0AB8E2A27754}.Debug|Any CPU.Build.0 = Debug|Any CPU
		{FBCAD236-0F1F-4203-8B64-0AB8E2A27754}.Debug|x64.ActiveCfg = Debug|Any CPU
		{FBCAD236-0F1F-4203-8B64-0AB8E2A27754}.Debug|x64.Build.0 = Debug|Any CPU
		{FBCAD236-0F1F-4203-8B64-0AB8E2A27754}.Debug|x86.ActiveCfg = Debug|Any CPU
		{FBCAD236-0F1F-4203-8B64-0AB8E2A27754}.Debug|x86.Build.0 = Debug|Any CPU
		{FBCAD236-0F1F-4203-8B64-0AB8E2A27754}.Release|Any CPU.ActiveCfg = Release|Any CPU
		{FBCAD236-0F1F-4203-8B64-0AB8E2A27754}.Release|Any CPU.Build.0 = Release|Any CPU
		{FBCAD236-0F1F-4203-8B64-0AB8E2A27754}.Release|x64.ActiveCfg = Release|Any CPU
		{FBCAD236-0F1F-4203-8B64-0AB8E2A27754}.Release|x64.Build.0 = Release|Any CPU
		{FBCAD236-0F1F-4203-8B64-0AB8E2A27754}.Release|x86.ActiveCfg = Release|Any CPU
		{FBCAD236-0F1F-4203-8B64-0AB8E2A27754}.Release|x86.Build.0 = Release|Any CPU
		{77E4CBB4-B0CC-4EDC-9401-D8895AAF5F12}.Debug|Any CPU.ActiveCfg = Debug|Any CPU
		{77E4CBB4-B0CC-4EDC-9401-D8895AAF5F12}.Debug|Any CPU.Build.0 = Debug|Any CPU
		{77E4CBB4-B0CC-4EDC-9401-D8895AAF5F12}.Debug|x64.ActiveCfg = Debug|Any CPU
		{77E4CBB4-B0CC-4EDC-9401-D8895AAF5F12}.Debug|x64.Build.0 = Debug|Any CPU
		{77E4CBB4-B0CC-4EDC-9401-D8895AAF5F12}.Debug|x86.ActiveCfg = Debug|Any CPU
		{77E4CBB4-B0CC-4EDC-9401-D8895AAF5F12}.Debug|x86.Build.0 = Debug|Any CPU
		{77E4CBB4-B0CC-4EDC-9401-D8895AAF5F12}.Release|Any CPU.ActiveCfg = Release|Any CPU
		{77E4CBB4-B0CC-4EDC-9401-D8895AAF5F12}.Release|Any CPU.Build.0 = Release|Any CPU
		{77E4CBB4-B0CC-4EDC-9401-D8895AAF5F12}.Release|x64.ActiveCfg = Release|Any CPU
		{77E4CBB4-B0CC-4EDC-9401-D8895AAF5F12}.Release|x64.Build.0 = Release|Any CPU
		{77E4CBB4-B0CC-4EDC-9401-D8895AAF5F12}.Release|x86.ActiveCfg = Release|Any CPU
		{77E4CBB4-B0CC-4EDC-9401-D8895AAF5F12}.Release|x86.Build.0 = Release|Any CPU
		{ABA0C245-194B-4645-994D-C1FC0C834193}.Debug|Any CPU.ActiveCfg = Debug|Any CPU
		{ABA0C245-194B-4645-994D-C1FC0C834193}.Debug|Any CPU.Build.0 = Debug|Any CPU
		{ABA0C245-194B-4645-994D-C1FC0C834193}.Debug|x64.ActiveCfg = Debug|Any CPU
		{ABA0C245-194B-4645-994D-C1FC0C834193}.Debug|x64.Build.0 = Debug|Any CPU
		{ABA0C245-194B-4645-994D-C1FC0C834193}.Debug|x86.ActiveCfg = Debug|Any CPU
		{ABA0C245-194B-4645-994D-C1FC0C834193}.Debug|x86.Build.0 = Debug|Any CPU
		{ABA0C245-194B-4645-994D-C1FC0C834193}.Release|Any CPU.ActiveCfg = Release|Any CPU
		{ABA0C245-194B-4645-994D-C1FC0C834193}.Release|Any CPU.Build.0 = Release|Any CPU
		{ABA0C245-194B-4645-994D-C1FC0C834193}.Release|x64.ActiveCfg = Release|Any CPU
		{ABA0C245-194B-4645-994D-C1FC0C834193}.Release|x64.Build.0 = Release|Any CPU
		{ABA0C245-194B-4645-994D-C1FC0C834193}.Release|x86.ActiveCfg = Release|Any CPU
		{ABA0C245-194B-4645-994D-C1FC0C834193}.Release|x86.Build.0 = Release|Any CPU
		{E71DC991-028C-4D63-8C4D-BAC09C5D2EBB}.Debug|Any CPU.ActiveCfg = Debug|Any CPU
		{E71DC991-028C-4D63-8C4D-BAC09C5D2EBB}.Debug|Any CPU.Build.0 = Debug|Any CPU
		{E71DC991-028C-4D63-8C4D-BAC09C5D2EBB}.Debug|x64.ActiveCfg = Debug|Any CPU
		{E71DC991-028C-4D63-8C4D-BAC09C5D2EBB}.Debug|x64.Build.0 = Debug|Any CPU
		{E71DC991-028C-4D63-8C4D-BAC09C5D2EBB}.Debug|x86.ActiveCfg = Debug|Any CPU
		{E71DC991-028C-4D63-8C4D-BAC09C5D2EBB}.Debug|x86.Build.0 = Debug|Any CPU
		{E71DC991-028C-4D63-8C4D-BAC09C5D2EBB}.Release|Any CPU.ActiveCfg = Release|Any CPU
		{E71DC991-028C-4D63-8C4D-BAC09C5D2EBB}.Release|Any CPU.Build.0 = Release|Any CPU
		{E71DC991-028C-4D63-8C4D-BAC09C5D2EBB}.Release|x64.ActiveCfg = Release|Any CPU
		{E71DC991-028C-4D63-8C4D-BAC09C5D2EBB}.Release|x64.Build.0 = Release|Any CPU
		{E71DC991-028C-4D63-8C4D-BAC09C5D2EBB}.Release|x86.ActiveCfg = Release|Any CPU
		{E71DC991-028C-4D63-8C4D-BAC09C5D2EBB}.Release|x86.Build.0 = Release|Any CPU
		{DDB8346D-2C0A-46F7-99CA-A9A6449F46C4}.Debug|Any CPU.ActiveCfg = Debug|Any CPU
		{DDB8346D-2C0A-46F7-99CA-A9A6449F46C4}.Debug|Any CPU.Build.0 = Debug|Any CPU
		{DDB8346D-2C0A-46F7-99CA-A9A6449F46C4}.Debug|x64.ActiveCfg = Debug|Any CPU
		{DDB8346D-2C0A-46F7-99CA-A9A6449F46C4}.Debug|x64.Build.0 = Debug|Any CPU
		{DDB8346D-2C0A-46F7-99CA-A9A6449F46C4}.Debug|x86.ActiveCfg = Debug|Any CPU
		{DDB8346D-2C0A-46F7-99CA-A9A6449F46C4}.Debug|x86.Build.0 = Debug|Any CPU
		{DDB8346D-2C0A-46F7-99CA-A9A6449F46C4}.Release|Any CPU.ActiveCfg = Release|Any CPU
		{DDB8346D-2C0A-46F7-99CA-A9A6449F46C4}.Release|Any CPU.Build.0 = Release|Any CPU
		{DDB8346D-2C0A-46F7-99CA-A9A6449F46C4}.Release|x64.ActiveCfg = Release|Any CPU
		{DDB8346D-2C0A-46F7-99CA-A9A6449F46C4}.Release|x64.Build.0 = Release|Any CPU
		{DDB8346D-2C0A-46F7-99CA-A9A6449F46C4}.Release|x86.ActiveCfg = Release|Any CPU
		{DDB8346D-2C0A-46F7-99CA-A9A6449F46C4}.Release|x86.Build.0 = Release|Any CPU
		{BDED732A-9924-4C56-BE71-9BD3BC423620}.Debug|Any CPU.ActiveCfg = Debug|Any CPU
		{BDED732A-9924-4C56-BE71-9BD3BC423620}.Debug|Any CPU.Build.0 = Debug|Any CPU
		{BDED732A-9924-4C56-BE71-9BD3BC423620}.Debug|x64.ActiveCfg = Debug|Any CPU
		{BDED732A-9924-4C56-BE71-9BD3BC423620}.Debug|x64.Build.0 = Debug|Any CPU
		{BDED732A-9924-4C56-BE71-9BD3BC423620}.Debug|x86.ActiveCfg = Debug|Any CPU
		{BDED732A-9924-4C56-BE71-9BD3BC423620}.Debug|x86.Build.0 = Debug|Any CPU
		{BDED732A-9924-4C56-BE71-9BD3BC423620}.Release|Any CPU.ActiveCfg = Release|Any CPU
		{BDED732A-9924-4C56-BE71-9BD3BC423620}.Release|Any CPU.Build.0 = Release|Any CPU
		{BDED732A-9924-4C56-BE71-9BD3BC423620}.Release|x64.ActiveCfg = Release|Any CPU
		{BDED732A-9924-4C56-BE71-9BD3BC423620}.Release|x64.Build.0 = Release|Any CPU
		{BDED732A-9924-4C56-BE71-9BD3BC423620}.Release|x86.ActiveCfg = Release|Any CPU
		{BDED732A-9924-4C56-BE71-9BD3BC423620}.Release|x86.Build.0 = Release|Any CPU
		{11111111-1111-1111-1111-111111111111}.Debug|Any CPU.ActiveCfg = Debug|Any CPU
		{11111111-1111-1111-1111-111111111111}.Debug|Any CPU.Build.0 = Debug|Any CPU
		{11111111-1111-1111-1111-111111111111}.Debug|x64.ActiveCfg = Debug|Any CPU
		{11111111-1111-1111-1111-111111111111}.Debug|x64.Build.0 = Debug|Any CPU
		{11111111-1111-1111-1111-111111111111}.Debug|x86.ActiveCfg = Debug|Any CPU
		{11111111-1111-1111-1111-111111111111}.Debug|x86.Build.0 = Debug|Any CPU
		{11111111-1111-1111-1111-111111111111}.Release|Any CPU.ActiveCfg = Release|Any CPU
		{11111111-1111-1111-1111-111111111111}.Release|Any CPU.Build.0 = Release|Any CPU
		{11111111-1111-1111-1111-111111111111}.Release|x64.ActiveCfg = Release|Any CPU
		{11111111-1111-1111-1111-111111111111}.Release|x64.Build.0 = Release|Any CPU
		{11111111-1111-1111-1111-111111111111}.Release|x86.ActiveCfg = Release|Any CPU
		{11111111-1111-1111-1111-111111111111}.Release|x86.Build.0 = Release|Any CPU
		{22222222-2222-2222-2222-222222222222}.Debug|Any CPU.ActiveCfg = Debug|Any CPU
		{22222222-2222-2222-2222-222222222222}.Debug|Any CPU.Build.0 = Debug|Any CPU
		{22222222-2222-2222-2222-222222222222}.Debug|x64.ActiveCfg = Debug|Any CPU
		{22222222-2222-2222-2222-222222222222}.Debug|x64.Build.0 = Debug|Any CPU
		{22222222-2222-2222-2222-222222222222}.Debug|x86.ActiveCfg = Debug|Any CPU
		{22222222-2222-2222-2222-222222222222}.Debug|x86.Build.0 = Debug|Any CPU
		{22222222-2222-2222-2222-222222222222}.Release|Any CPU.ActiveCfg = Release|Any CPU
		{22222222-2222-2222-2222-222222222222}.Release|Any CPU.Build.0 = Release|Any CPU
		{22222222-2222-2222-2222-222222222222}.Release|x64.ActiveCfg = Release|Any CPU
		{22222222-2222-2222-2222-222222222222}.Release|x64.Build.0 = Release|Any CPU
		{22222222-2222-2222-2222-222222222222}.Release|x86.ActiveCfg = Release|Any CPU
		{22222222-2222-2222-2222-222222222222}.Release|x86.Build.0 = Release|Any CPU
		{33333333-3333-3333-3333-333333333333}.Debug|Any CPU.ActiveCfg = Debug|Any CPU
		{33333333-3333-3333-3333-333333333333}.Debug|Any CPU.Build.0 = Debug|Any CPU
		{33333333-3333-3333-3333-333333333333}.Debug|x64.ActiveCfg = Debug|Any CPU
		{33333333-3333-3333-3333-333333333333}.Debug|x64.Build.0 = Debug|Any CPU
		{33333333-3333-3333-3333-333333333333}.Debug|x86.ActiveCfg = Debug|Any CPU
		{33333333-3333-3333-3333-333333333333}.Debug|x86.Build.0 = Debug|Any CPU
		{33333333-3333-3333-3333-333333333333}.Release|Any CPU.ActiveCfg = Release|Any CPU
		{33333333-3333-3333-3333-333333333333}.Release|Any CPU.Build.0 = Release|Any CPU
		{33333333-3333-3333-3333-333333333333}.Release|x64.ActiveCfg = Release|Any CPU
		{33333333-3333-3333-3333-333333333333}.Release|x64.Build.0 = Release|Any CPU
		{33333333-3333-3333-3333-333333333333}.Release|x86.ActiveCfg = Release|Any CPU
		{33333333-3333-3333-3333-333333333333}.Release|x86.Build.0 = Release|Any CPU
		{44444444-4444-4444-4444-444444444444}.Debug|Any CPU.ActiveCfg = Debug|Any CPU
		{44444444-4444-4444-4444-444444444444}.Debug|Any CPU.Build.0 = Debug|Any CPU
		{44444444-4444-4444-4444-444444444444}.Debug|x64.ActiveCfg = Debug|Any CPU
		{44444444-4444-4444-4444-444444444444}.Debug|x64.Build.0 = Debug|Any CPU
		{44444444-4444-4444-4444-444444444444}.Debug|x86.ActiveCfg = Debug|Any CPU
		{44444444-4444-4444-4444-444444444444}.Debug|x86.Build.0 = Debug|Any CPU
		{44444444-4444-4444-4444-444444444444}.Release|Any CPU.ActiveCfg = Release|Any CPU
		{44444444-4444-4444-4444-444444444444}.Release|Any CPU.Build.0 = Release|Any CPU
		{44444444-4444-4444-4444-444444444444}.Release|x64.ActiveCfg = Release|Any CPU
		{44444444-4444-4444-4444-444444444444}.Release|x64.Build.0 = Release|Any CPU
		{44444444-4444-4444-4444-444444444444}.Release|x86.ActiveCfg = Release|Any CPU
		{44444444-4444-4444-4444-444444444444}.Release|x86.Build.0 = Release|Any CPU
		{55555555-5555-5555-5555-555555555555}.Debug|Any CPU.ActiveCfg = Debug|Any CPU
		{55555555-5555-5555-5555-555555555555}.Debug|Any CPU.Build.0 = Debug|Any CPU
		{55555555-5555-5555-5555-555555555555}.Debug|x64.ActiveCfg = Debug|Any CPU
		{55555555-5555-5555-5555-555555555555}.Debug|x64.Build.0 = Debug|Any CPU
		{55555555-5555-5555-5555-555555555555}.Debug|x86.ActiveCfg = Debug|Any CPU
		{55555555-5555-5555-5555-555555555555}.Debug|x86.Build.0 = Debug|Any CPU
		{55555555-5555-5555-5555-555555555555}.Release|Any CPU.ActiveCfg = Release|Any CPU
		{55555555-5555-5555-5555-555555555555}.Release|Any CPU.Build.0 = Release|Any CPU
		{55555555-5555-5555-5555-555555555555}.Release|x64.ActiveCfg = Release|Any CPU
		{55555555-5555-5555-5555-555555555555}.Release|x64.Build.0 = Release|Any CPU
		{55555555-5555-5555-5555-555555555555}.Release|x86.ActiveCfg = Release|Any CPU
		{55555555-5555-5555-5555-555555555555}.Release|x86.Build.0 = Release|Any CPU
		{66666666-6666-6666-6666-666666666666}.Debug|Any CPU.ActiveCfg = Debug|Any CPU
		{66666666-6666-6666-6666-666666666666}.Debug|Any CPU.Build.0 = Debug|Any CPU
		{66666666-6666-6666-6666-666666666666}.Debug|x64.ActiveCfg = Debug|Any CPU
		{66666666-6666-6666-6666-666666666666}.Debug|x64.Build.0 = Debug|Any CPU
		{66666666-6666-6666-6666-666666666666}.Debug|x86.ActiveCfg = Debug|Any CPU
		{66666666-6666-6666-6666-666666666666}.Debug|x86.Build.0 = Debug|Any CPU
		{66666666-6666-6666-6666-666666666666}.Release|Any CPU.ActiveCfg = Release|Any CPU
		{66666666-6666-6666-6666-666666666666}.Release|Any CPU.Build.0 = Release|Any CPU
		{66666666-6666-6666-6666-666666666666}.Release|x64.ActiveCfg = Release|Any CPU
		{66666666-6666-6666-6666-666666666666}.Release|x64.Build.0 = Release|Any CPU
		{66666666-6666-6666-6666-666666666666}.Release|x86.ActiveCfg = Release|Any CPU
		{66666666-6666-6666-6666-666666666666}.Release|x86.Build.0 = Release|Any CPU
		{630592B6-9D84-426C-A150-0A5CCA79DAC4}.Debug|Any CPU.ActiveCfg = Debug|Any CPU
		{630592B6-9D84-426C-A150-0A5CCA79DAC4}.Debug|Any CPU.Build.0 = Debug|Any CPU
		{630592B6-9D84-426C-A150-0A5CCA79DAC4}.Debug|x64.ActiveCfg = Debug|Any CPU
		{630592B6-9D84-426C-A150-0A5CCA79DAC4}.Debug|x64.Build.0 = Debug|Any CPU
		{630592B6-9D84-426C-A150-0A5CCA79DAC4}.Debug|x86.ActiveCfg = Debug|Any CPU
		{630592B6-9D84-426C-A150-0A5CCA79DAC4}.Debug|x86.Build.0 = Debug|Any CPU
		{630592B6-9D84-426C-A150-0A5CCA79DAC4}.Release|Any CPU.ActiveCfg = Release|Any CPU
		{630592B6-9D84-426C-A150-0A5CCA79DAC4}.Release|Any CPU.Build.0 = Release|Any CPU
		{630592B6-9D84-426C-A150-0A5CCA79DAC4}.Release|x64.ActiveCfg = Release|Any CPU
		{630592B6-9D84-426C-A150-0A5CCA79DAC4}.Release|x64.Build.0 = Release|Any CPU
		{630592B6-9D84-426C-A150-0A5CCA79DAC4}.Release|x86.ActiveCfg = Release|Any CPU
		{630592B6-9D84-426C-A150-0A5CCA79DAC4}.Release|x86.Build.0 = Release|Any CPU
		{8B4C3461-B5EF-451D-BC8F-0C7C1C0DD7E2}.Debug|Any CPU.ActiveCfg = Debug|Any CPU
		{8B4C3461-B5EF-451D-BC8F-0C7C1C0DD7E2}.Debug|Any CPU.Build.0 = Debug|Any CPU
		{8B4C3461-B5EF-451D-BC8F-0C7C1C0DD7E2}.Debug|x64.ActiveCfg = Debug|Any CPU
		{8B4C3461-B5EF-451D-BC8F-0C7C1C0DD7E2}.Debug|x64.Build.0 = Debug|Any CPU
		{8B4C3461-B5EF-451D-BC8F-0C7C1C0DD7E2}.Debug|x86.ActiveCfg = Debug|Any CPU
		{8B4C3461-B5EF-451D-BC8F-0C7C1C0DD7E2}.Debug|x86.Build.0 = Debug|Any CPU
		{8B4C3461-B5EF-451D-BC8F-0C7C1C0DD7E2}.Release|Any CPU.ActiveCfg = Release|Any CPU
		{8B4C3461-B5EF-451D-BC8F-0C7C1C0DD7E2}.Release|Any CPU.Build.0 = Release|Any CPU
		{8B4C3461-B5EF-451D-BC8F-0C7C1C0DD7E2}.Release|x64.ActiveCfg = Release|Any CPU
		{8B4C3461-B5EF-451D-BC8F-0C7C1C0DD7E2}.Release|x64.Build.0 = Release|Any CPU
		{8B4C3461-B5EF-451D-BC8F-0C7C1C0DD7E2}.Release|x86.ActiveCfg = Release|Any CPU
		{8B4C3461-B5EF-451D-BC8F-0C7C1C0DD7E2}.Release|x86.Build.0 = Release|Any CPU
		{D337AD10-19CA-4ACC-A8B5-12049D89226F}.Debug|Any CPU.ActiveCfg = Debug|Any CPU
		{D337AD10-19CA-4ACC-A8B5-12049D89226F}.Debug|Any CPU.Build.0 = Debug|Any CPU
		{D337AD10-19CA-4ACC-A8B5-12049D89226F}.Debug|x64.ActiveCfg = Debug|Any CPU
		{D337AD10-19CA-4ACC-A8B5-12049D89226F}.Debug|x64.Build.0 = Debug|Any CPU
		{D337AD10-19CA-4ACC-A8B5-12049D89226F}.Debug|x86.ActiveCfg = Debug|Any CPU
		{D337AD10-19CA-4ACC-A8B5-12049D89226F}.Debug|x86.Build.0 = Debug|Any CPU
		{D337AD10-19CA-4ACC-A8B5-12049D89226F}.Release|Any CPU.ActiveCfg = Release|Any CPU
		{D337AD10-19CA-4ACC-A8B5-12049D89226F}.Release|Any CPU.Build.0 = Release|Any CPU
		{D337AD10-19CA-4ACC-A8B5-12049D89226F}.Release|x64.ActiveCfg = Release|Any CPU
		{D337AD10-19CA-4ACC-A8B5-12049D89226F}.Release|x64.Build.0 = Release|Any CPU
		{D337AD10-19CA-4ACC-A8B5-12049D89226F}.Release|x86.ActiveCfg = Release|Any CPU
		{D337AD10-19CA-4ACC-A8B5-12049D89226F}.Release|x86.Build.0 = Release|Any CPU
		{5748DE2E-9529-4BD9-8A17-581016445B7F}.Debug|Any CPU.ActiveCfg = Debug|Any CPU
		{5748DE2E-9529-4BD9-8A17-581016445B7F}.Debug|Any CPU.Build.0 = Debug|Any CPU
		{5748DE2E-9529-4BD9-8A17-581016445B7F}.Debug|x64.ActiveCfg = Debug|Any CPU
		{5748DE2E-9529-4BD9-8A17-581016445B7F}.Debug|x64.Build.0 = Debug|Any CPU
		{5748DE2E-9529-4BD9-8A17-581016445B7F}.Debug|x86.ActiveCfg = Debug|Any CPU
		{5748DE2E-9529-4BD9-8A17-581016445B7F}.Debug|x86.Build.0 = Debug|Any CPU
		{5748DE2E-9529-4BD9-8A17-581016445B7F}.Release|Any CPU.ActiveCfg = Release|Any CPU
		{5748DE2E-9529-4BD9-8A17-581016445B7F}.Release|Any CPU.Build.0 = Release|Any CPU
		{5748DE2E-9529-4BD9-8A17-581016445B7F}.Release|x64.ActiveCfg = Release|Any CPU
		{5748DE2E-9529-4BD9-8A17-581016445B7F}.Release|x64.Build.0 = Release|Any CPU
		{5748DE2E-9529-4BD9-8A17-581016445B7F}.Release|x86.ActiveCfg = Release|Any CPU
		{5748DE2E-9529-4BD9-8A17-581016445B7F}.Release|x86.Build.0 = Release|Any CPU
		{600AA46B-C535-40B2-9780-6DA64BA04C78}.Debug|Any CPU.ActiveCfg = Debug|Any CPU
		{600AA46B-C535-40B2-9780-6DA64BA04C78}.Debug|Any CPU.Build.0 = Debug|Any CPU
		{600AA46B-C535-40B2-9780-6DA64BA04C78}.Debug|x64.ActiveCfg = Debug|Any CPU
		{600AA46B-C535-40B2-9780-6DA64BA04C78}.Debug|x64.Build.0 = Debug|Any CPU
		{600AA46B-C535-40B2-9780-6DA64BA04C78}.Debug|x86.ActiveCfg = Debug|Any CPU
		{600AA46B-C535-40B2-9780-6DA64BA04C78}.Debug|x86.Build.0 = Debug|Any CPU
		{600AA46B-C535-40B2-9780-6DA64BA04C78}.Release|Any CPU.ActiveCfg = Release|Any CPU
		{600AA46B-C535-40B2-9780-6DA64BA04C78}.Release|Any CPU.Build.0 = Release|Any CPU
		{600AA46B-C535-40B2-9780-6DA64BA04C78}.Release|x64.ActiveCfg = Release|Any CPU
		{600AA46B-C535-40B2-9780-6DA64BA04C78}.Release|x64.Build.0 = Release|Any CPU
		{600AA46B-C535-40B2-9780-6DA64BA04C78}.Release|x86.ActiveCfg = Release|Any CPU
		{600AA46B-C535-40B2-9780-6DA64BA04C78}.Release|x86.Build.0 = Release|Any CPU
		{A49F7964-CA1F-4F2C-BB9E-77F648EA69BF}.Debug|Any CPU.ActiveCfg = Debug|Any CPU
		{A49F7964-CA1F-4F2C-BB9E-77F648EA69BF}.Debug|Any CPU.Build.0 = Debug|Any CPU
		{A49F7964-CA1F-4F2C-BB9E-77F648EA69BF}.Debug|x64.ActiveCfg = Debug|Any CPU
		{A49F7964-CA1F-4F2C-BB9E-77F648EA69BF}.Debug|x64.Build.0 = Debug|Any CPU
		{A49F7964-CA1F-4F2C-BB9E-77F648EA69BF}.Debug|x86.ActiveCfg = Debug|Any CPU
		{A49F7964-CA1F-4F2C-BB9E-77F648EA69BF}.Debug|x86.Build.0 = Debug|Any CPU
		{A49F7964-CA1F-4F2C-BB9E-77F648EA69BF}.Release|Any CPU.ActiveCfg = Release|Any CPU
		{A49F7964-CA1F-4F2C-BB9E-77F648EA69BF}.Release|Any CPU.Build.0 = Release|Any CPU
		{A49F7964-CA1F-4F2C-BB9E-77F648EA69BF}.Release|x64.ActiveCfg = Release|Any CPU
		{A49F7964-CA1F-4F2C-BB9E-77F648EA69BF}.Release|x64.Build.0 = Release|Any CPU
		{A49F7964-CA1F-4F2C-BB9E-77F648EA69BF}.Release|x86.ActiveCfg = Release|Any CPU
		{A49F7964-CA1F-4F2C-BB9E-77F648EA69BF}.Release|x86.Build.0 = Release|Any CPU
		{B7F8E1D9-2C4A-4F5B-8E3D-9A1B2C3D4E5F}.Debug|Any CPU.ActiveCfg = Debug|Any CPU
		{B7F8E1D9-2C4A-4F5B-8E3D-9A1B2C3D4E5F}.Debug|Any CPU.Build.0 = Debug|Any CPU
		{B7F8E1D9-2C4A-4F5B-8E3D-9A1B2C3D4E5F}.Debug|x64.ActiveCfg = Debug|Any CPU
		{B7F8E1D9-2C4A-4F5B-8E3D-9A1B2C3D4E5F}.Debug|x64.Build.0 = Debug|Any CPU
		{B7F8E1D9-2C4A-4F5B-8E3D-9A1B2C3D4E5F}.Debug|x86.ActiveCfg = Debug|Any CPU
		{B7F8E1D9-2C4A-4F5B-8E3D-9A1B2C3D4E5F}.Debug|x86.Build.0 = Debug|Any CPU
		{B7F8E1D9-2C4A-4F5B-8E3D-9A1B2C3D4E5F}.Release|Any CPU.ActiveCfg = Release|Any CPU
		{B7F8E1D9-2C4A-4F5B-8E3D-9A1B2C3D4E5F}.Release|Any CPU.Build.0 = Release|Any CPU
		{B7F8E1D9-2C4A-4F5B-8E3D-9A1B2C3D4E5F}.Release|x64.ActiveCfg = Release|Any CPU
		{B7F8E1D9-2C4A-4F5B-8E3D-9A1B2C3D4E5F}.Release|x64.Build.0 = Release|Any CPU
		{B7F8E1D9-2C4A-4F5B-8E3D-9A1B2C3D4E5F}.Release|x86.ActiveCfg = Release|Any CPU
		{B7F8E1D9-2C4A-4F5B-8E3D-9A1B2C3D4E5F}.Release|x86.Build.0 = Release|Any CPU
	EndGlobalSection
	GlobalSection(SolutionProperties) = preSolution
		HideSolutionNode = FALSE
	EndGlobalSection
	GlobalSection(NestedProjects) = preSolution
		{3B4C5D6E-7F80-9012-3456-789012345678} = {2A3B4C5D-6E7F-8901-2345-678901234567}
		{4C5D6E7F-8091-2345-6789-012345678901} = {2A3B4C5D-6E7F-8901-2345-678901234567}
		{5D6E7F80-9123-4567-8901-234567890123} = {2A3B4C5D-6E7F-8901-2345-678901234567}
		{6E7F8091-2345-6789-0123-456789012345} = {2A3B4C5D-6E7F-8901-2345-678901234567}
		{80912345-6789-0123-4567-890123456789} = {7F809123-4567-8901-2345-67890123456A}
		{91234567-8901-2345-6789-01234567890A} = {7F809123-4567-8901-2345-67890123456A}
		{A2345678-9012-3456-7890-123456789012} = {7F809123-4567-8901-2345-67890123456A}
		{B3456789-0123-4567-8901-23456789012A} = {7F809123-4567-8901-2345-67890123456A}
		{C4567890-1234-5678-9012-3456789012AB} = {7F809123-4567-8901-2345-67890123456A}
		{D5678901-2345-6789-0123-456789012ABC} = {7F809123-4567-8901-2345-67890123456A}
		{E6789012-3456-7890-1234-56789012ABCD} = {7F809123-4567-8901-2345-67890123456A}
		{F7890123-4567-8901-2345-6789012ABCDE} = {7F809123-4567-8901-2345-67890123456A}
		{2A123456-7890-1234-5678-9012ABCDEF01} = {19012345-6789-0123-4567-89012ABCDEF0}
		{A1B2C3D4-E5F6-7890-ABCD-123456789013} = {F1B2C3D4-E5F6-7890-ABCD-123456789012}
		{A1B2C3D4-E5F6-7890-ABCD-123456789014} = {F1B2C3D4-E5F6-7890-ABCD-123456789012}
		{A1B2C3D4-E5F6-7890-ABCD-123456789015} = {F1B2C3D4-E5F6-7890-ABCD-123456789012}
		{A1B2C3D4-E5F6-7890-ABCD-123456789016} = {F1B2C3D4-E5F6-7890-ABCD-123456789012}
		{A1B2C3D4-E5F6-7890-ABCD-123456789017} = {F1B2C3D4-E5F6-7890-ABCD-123456789012}
		{A1B2C3D4-E5F6-7890-ABCD-123456789018} = {F1B2C3D4-E5F6-7890-ABCD-123456789012}
		{A1B2C3D4-E5F6-7890-ABCD-123456789019} = {F1B2C3D4-E5F6-7890-ABCD-123456789012}
		{A1B2C3D4-E5F6-7890-ABCD-123456789020} = {F1B2C3D4-E5F6-7890-ABCD-123456789012}
		{A1B2C3D4-E5F6-7890-ABCD-123456789021} = {F1B2C3D4-E5F6-7890-ABCD-123456789012}
		{A1B2C3D4-E5F6-7890-ABCD-123456789022} = {F1B2C3D4-E5F6-7890-ABCD-123456789012}
		{A1B2C3D4-E5F6-7890-ABCD-123456789023} = {F1B2C3D4-E5F6-7890-ABCD-123456789012}
		{A1B2C3D4-E5F6-7890-ABCD-123456789024} = {F1B2C3D4-E5F6-7890-ABCD-123456789012}
		{A1B2C3D4-E5F6-7890-ABCD-123456789025} = {F1B2C3D4-E5F6-7890-ABCD-123456789012}
		{3DADD3F0-45CA-49DE-83AF-E409E3E3770A} = {827E0CD3-B72D-47B6-A68D-7590B98EB39B}
		{B19F23F5-DAF5-4942-9139-7E3C89DEBD94} = {827E0CD3-B72D-47B6-A68D-7590B98EB39B}
		{14AB05EE-1044-4FF1-AB27-B8E3B55BCC11} = {827E0CD3-B72D-47B6-A68D-7590B98EB39B}
		{EDCD05A6-2036-48A1-9651-D77F7E7E14FD} = {827E0CD3-B72D-47B6-A68D-7590B98EB39B}
		{0C6E7003-DA9B-4702-9BC2-3AC3F7951593} = {827E0CD3-B72D-47B6-A68D-7590B98EB39B}
		{B90586F7-0EA2-4274-A771-1F19ABAE9F16} = {827E0CD3-B72D-47B6-A68D-7590B98EB39B}
		{6EA4DADD-F33E-4264-8587-ACB3F7B3CC8D} = {827E0CD3-B72D-47B6-A68D-7590B98EB39B}
		{8DF005AE-966B-4D32-AE3C-14F62928DCA7} = {827E0CD3-B72D-47B6-A68D-7590B98EB39B}
		{42B21B1F-E5F4-4BD1-9DF6-AF66F57E14F3} = {827E0CD3-B72D-47B6-A68D-7590B98EB39B}
		{C6AA51AF-8E80-49DA-AA08-077E98F25EA8} = {827E0CD3-B72D-47B6-A68D-7590B98EB39B}
		{1D2CD1A6-4019-4216-A87A-4AEE0AB896DF} = {827E0CD3-B72D-47B6-A68D-7590B98EB39B}
		{941EBAEA-AB14-48D0-8155-4CA8C730EDF6} = {827E0CD3-B72D-47B6-A68D-7590B98EB39B}
		{234F5517-8F1D-4070-9F98-D953F1E62F27} = {827E0CD3-B72D-47B6-A68D-7590B98EB39B}
		{1363DE81-DAF3-4A38-836D-87206A742CEC} = {827E0CD3-B72D-47B6-A68D-7590B98EB39B}
		{8B253154-AEDE-43F4-83AD-82358916BA1A} = {827E0CD3-B72D-47B6-A68D-7590B98EB39B}
		{8FE8CD11-1C56-4074-81FB-20CCDDEA7DFA} = {827E0CD3-B72D-47B6-A68D-7590B98EB39B}
		{8C55305C-4576-457B-B9B9-A90291E43DCF} = {827E0CD3-B72D-47B6-A68D-7590B98EB39B}
		{401A4D3E-7B11-4A92-B746-534E5A905015} = {827E0CD3-B72D-47B6-A68D-7590B98EB39B}
		{622634C0-2AC1-4510-8EE6-2C01AB5D2594} = {827E0CD3-B72D-47B6-A68D-7590B98EB39B}
		{B5BBB54C-5CFC-44A8-91C9-30B4C2D41208} = {827E0CD3-B72D-47B6-A68D-7590B98EB39B}
		{0F076762-1745-4F4B-B684-E5EB7A0B8FAD} = {827E0CD3-B72D-47B6-A68D-7590B98EB39B}
		{4B6DD711-DDF7-4664-95A0-0A7AD13AA93B} = {827E0CD3-B72D-47B6-A68D-7590B98EB39B}
		{3506F23D-8AAC-4571-9680-77ED42F00D2B} = {827E0CD3-B72D-47B6-A68D-7590B98EB39B}
		{3328D689-548B-4033-AEAF-468ECBB23DDB} = {827E0CD3-B72D-47B6-A68D-7590B98EB39B}
		{5BA3C842-C932-4287-A5EB-4656DE6AD589} = {827E0CD3-B72D-47B6-A68D-7590B98EB39B}
		{E98A1F7C-E04B-4CC5-B4E3-C7AFFB8ADA59} = {827E0CD3-B72D-47B6-A68D-7590B98EB39B}
		{658FB639-9EA2-4553-9BFA-CC8B662C71A8} = {827E0CD3-B72D-47B6-A68D-7590B98EB39B}
		{FBCAD236-0F1F-4203-8B64-0AB8E2A27754} = {827E0CD3-B72D-47B6-A68D-7590B98EB39B}
		{77E4CBB4-B0CC-4EDC-9401-D8895AAF5F12} = {827E0CD3-B72D-47B6-A68D-7590B98EB39B}
		{ABA0C245-194B-4645-994D-C1FC0C834193} = {827E0CD3-B72D-47B6-A68D-7590B98EB39B}
		{E71DC991-028C-4D63-8C4D-BAC09C5D2EBB} = {827E0CD3-B72D-47B6-A68D-7590B98EB39B}
		{DDB8346D-2C0A-46F7-99CA-A9A6449F46C4} = {827E0CD3-B72D-47B6-A68D-7590B98EB39B}
		{BDED732A-9924-4C56-BE71-9BD3BC423620} = {827E0CD3-B72D-47B6-A68D-7590B98EB39B}
		{11111111-1111-1111-1111-111111111111} = {827E0CD3-B72D-47B6-A68D-7590B98EB39B}
		{22222222-2222-2222-2222-222222222222} = {827E0CD3-B72D-47B6-A68D-7590B98EB39B}
		{33333333-3333-3333-3333-333333333333} = {827E0CD3-B72D-47B6-A68D-7590B98EB39B}
		{44444444-4444-4444-4444-444444444444} = {827E0CD3-B72D-47B6-A68D-7590B98EB39B}
		{55555555-5555-5555-5555-555555555555} = {827E0CD3-B72D-47B6-A68D-7590B98EB39B}
		{66666666-6666-6666-6666-666666666666} = {827E0CD3-B72D-47B6-A68D-7590B98EB39B}
		{630592B6-9D84-426C-A150-0A5CCA79DAC4} = {827E0CD3-B72D-47B6-A68D-7590B98EB39B}
		{8B4C3461-B5EF-451D-BC8F-0C7C1C0DD7E2} = {827E0CD3-B72D-47B6-A68D-7590B98EB39B}
		{D337AD10-19CA-4ACC-A8B5-12049D89226F} = {827E0CD3-B72D-47B6-A68D-7590B98EB39B}
		{5748DE2E-9529-4BD9-8A17-581016445B7F} = {827E0CD3-B72D-47B6-A68D-7590B98EB39B}
		{600AA46B-C535-40B2-9780-6DA64BA04C78} = {827E0CD3-B72D-47B6-A68D-7590B98EB39B}
		{A49F7964-CA1F-4F2C-BB9E-77F648EA69BF} = {827E0CD3-B72D-47B6-A68D-7590B98EB39B}
		{B7F8E1D9-2C4A-4F5B-8E3D-9A1B2C3D4E5F} = {827E0CD3-B72D-47B6-A68D-7590B98EB39B}
	EndGlobalSection
EndGlobal
