
Microsoft Visual Studio Solution File, Format Version 12.00
# Visual Studio Version 17
VisualStudioVersion = 17.0.31903.59
MinimumVisualStudioVersion = 10.0.40219.1
Project("{2150E333-8FDC-42A3-9474-1A3956D46DE8}") = "src", "src", "{827E0CD3-B72D-47B6-A68D-7590B98EB39B}"
EndProject
Project("{FAE04EC0-301F-11D3-BF4B-00C04F79EFBC}") = "Patterns", "src\Patterns\Patterns.csproj", "{336AB842-91CD-49BE-B88A-34A6D154F86D}"
EndProject
Project("{2150E333-8FDC-42A3-9474-1A3956D46DE8}") = "tests", "tests", "{0AB3BF05-4346-4AA6-1389-037BE0695223}"
EndProject
Project("{FAE04EC0-301F-11D3-BF4B-00C04F79EFBC}") = "Patterns.Tests", "tests\Patterns.Tests\Patterns.Tests.csproj", "{2E88639A-1928-4C60-B0D3-C39C9CAAAE72}"
EndProject
Global
	GlobalSection(SolutionConfigurationPlatforms) = preSolution
		Debug|Any CPU = Debug|Any CPU
		Debug|x64 = Debug|x64
		Debug|x86 = Debug|x86
		Release|Any CPU = Release|Any CPU
		Release|x64 = Release|x64
		Release|x86 = Release|x86
	EndGlobalSection
	GlobalSection(ProjectConfigurationPlatforms) = postSolution
		{336AB842-91CD-49BE-B88A-34A6D154F86D}.Debug|Any CPU.ActiveCfg = Debug|Any CPU
		{336AB842-91CD-49BE-B88A-34A6D154F86D}.Debug|Any CPU.Build.0 = Debug|Any CPU
		{336AB842-91CD-49BE-B88A-34A6D154F86D}.Debug|x64.ActiveCfg = Debug|Any CPU
		{336AB842-91CD-49BE-B88A-34A6D154F86D}.Debug|x64.Build.0 = Debug|Any CPU
		{336AB842-91CD-49BE-B88A-34A6D154F86D}.Debug|x86.ActiveCfg = Debug|Any CPU
		{336AB842-91CD-49BE-B88A-34A6D154F86D}.Debug|x86.Build.0 = Debug|Any CPU
		{336AB842-91CD-49BE-B88A-34A6D154F86D}.Release|Any CPU.ActiveCfg = Release|Any CPU
		{336AB842-91CD-49BE-B88A-34A6D154F86D}.Release|Any CPU.Build.0 = Release|Any CPU
		{336AB842-91CD-49BE-B88A-34A6D154F86D}.Release|x64.ActiveCfg = Release|Any CPU
		{336AB842-91CD-49BE-B88A-34A6D154F86D}.Release|x64.Build.0 = Release|Any CPU
		{336AB842-91CD-49BE-B88A-34A6D154F86D}.Release|x86.ActiveCfg = Release|Any CPU
		{336AB842-91CD-49BE-B88A-34A6D154F86D}.Release|x86.Build.0 = Release|Any CPU
		{2E88639A-1928-4C60-B0D3-C39C9CAAAE72}.Debug|Any CPU.ActiveCfg = Debug|Any CPU
		{2E88639A-1928-4C60-B0D3-C39C9CAAAE72}.Debug|Any CPU.Build.0 = Debug|Any CPU
		{2E88639A-1928-4C60-B0D3-C39C9CAAAE72}.Debug|x64.ActiveCfg = Debug|Any CPU
		{2E88639A-1928-4C60-B0D3-C39C9CAAAE72}.Debug|x64.Build.0 = Debug|Any CPU
		{2E88639A-1928-4C60-B0D3-C39C9CAAAE72}.Debug|x86.ActiveCfg = Debug|Any CPU
		{2E88639A-1928-4C60-B0D3-C39C9CAAAE72}.Debug|x86.Build.0 = Debug|Any CPU
		{2E88639A-1928-4C60-B0D3-C39C9CAAAE72}.Release|Any CPU.ActiveCfg = Release|Any CPU
		{2E88639A-1928-4C60-B0D3-C39C9CAAAE72}.Release|Any CPU.Build.0 = Release|Any CPU
		{2E88639A-1928-4C60-B0D3-C39C9CAAAE72}.Release|x64.ActiveCfg = Release|Any CPU
		{2E88639A-1928-4C60-B0D3-C39C9CAAAE72}.Release|x64.Build.0 = Release|Any CPU
		{2E88639A-1928-4C60-B0D3-C39C9CAAAE72}.Release|x86.ActiveCfg = Release|Any CPU
		{2E88639A-1928-4C60-B0D3-C39C9CAAAE72}.Release|x86.Build.0 = Release|Any CPU
	EndGlobalSection
	GlobalSection(SolutionProperties) = preSolution
		HideSolutionNode = FALSE
	EndGlobalSection
	GlobalSection(NestedProjects) = preSolution
		{336AB842-91CD-49BE-B88A-34A6D154F86D} = {827E0CD3-B72D-47B6-A68D-7590B98EB39B}
		{2E88639A-1928-4C60-B0D3-C39C9CAAAE72} = {0AB3BF05-4346-4AA6-1389-037BE0695223}
	EndGlobalSection
EndGlobal
